PODS:
  - Alamofire (5.4.2)
  - NVActivityIndicatorView (5.1.1):
    - NVActivityIndicatorView/Base (= 5.1.1)
  - NVActivityIndicatorView/Base (5.1.1)
  - RxCocoa (6.1.0):
    - RxRelay (= 6.1.0)
    - RxSwift (= 6.1.0)
  - RxRelay (6.1.0):
    - RxSwift (= 6.1.0)
  - RxSwift (6.1.0)

DEPENDENCIES:
  - Alamofire
  - NVActivityIndicatorView
  - RxCocoa
  - RxSwift

SPEC REPOS:
  trunk:
    - Alamofire
    - NVActivityIndicatorView
    - RxCocoa
    - RxRelay
    - RxSwift

SPEC CHECKSUMS:
  Alamofire: bfbc4c2fe5909b1d94fb4ef2277c6b3727ef5dae
  NVActivityIndicatorView: 1f6c5687f1171810aa27a3296814dc2d7dec3667
  RxCocoa: 5c51f02d562cbd94629f6c26cf0c80fe4ab8d343
  RxRelay: 483e1a19fad961b41f0b0c0bee506f46c1ae14fe
  RxSwift: a834e5c538e89eca0cae86f403f4fbf0336786ce

PODFILE CHECKSUM: 42bbc69dd5a13a08126dfbbaf39b381e69cfe62e

COCOAPODS: 1.10.0
