// !$*UTF8*$!
{
	archiveVersion = 1;
	classes = {
	};
	objectVersion = 52;
	objects = {

/* Begin PBXBuildFile section */
		3DE15777B48A49A659986275 /* Pods_RxswiftApiDemo.framework in Frameworks */ = {isa = PBXBuildFile; fileRef = 61A99CF99208707D964F73E1 /* Pods_RxswiftApiDemo.framework */; };
		6012CD5B263FEB96009A254E /* MultipleAnnotationView.swift in Sources */ = {isa = PBXBuildFile; fileRef = 6012CD5A263FEB96009A254E /* MultipleAnnotationView.swift */; };
		6012CD65263FF33F009A254E /* ShowFilterImageView.swift in Sources */ = {isa = PBXBuildFile; fileRef = 6012CD64263FF33F009A254E /* ShowFilterImageView.swift */; };
		6012CD6B263FFC3C009A254E /* ImagePicker.swift in Sources */ = {isa = PBXBuildFile; fileRef = 6012CD6A263FFC3C009A254E /* ImagePicker.swift */; };
		601501832633DFDC00DAC3C4 /* images-2.jpeg in Resources */ = {isa = PBXBuildFile; fileRef = 601501822633DFDC00DAC3C4 /* images-2.jpeg */; };
		601501872633DFE600DAC3C4 /* Eye1.png in Resources */ = {isa = PBXBuildFile; fileRef = 601501862633DFE600DAC3C4 /* Eye1.png */; };
		6015018B2633E41B00DAC3C4 /* images-3.jpeg in Resources */ = {isa = PBXBuildFile; fileRef = 6015018A2633E41B00DAC3C4 /* images-3.jpeg */; };
		6015018F2633E65300DAC3C4 /* AnimateImageView.swift in Sources */ = {isa = PBXBuildFile; fileRef = 6015018E2633E65300DAC3C4 /* AnimateImageView.swift */; };
		601501932633EA8E00DAC3C4 /* AnimatingImageDemoView.swift in Sources */ = {isa = PBXBuildFile; fileRef = 601501922633EA8E00DAC3C4 /* AnimatingImageDemoView.swift */; };
		601501972633F0C300DAC3C4 /* CustomScrollView.swift in Sources */ = {isa = PBXBuildFile; fileRef = 601501962633F0C300DAC3C4 /* CustomScrollView.swift */; };
		6015019B263406E000DAC3C4 /* TestWrappedLayout.swift in Sources */ = {isa = PBXBuildFile; fileRef = 6015019A263406E000DAC3C4 /* TestWrappedLayout.swift */; };
		6041C58C263146420000EA4B /* User.swift in Sources */ = {isa = PBXBuildFile; fileRef = 6041C58B263146420000EA4B /* User.swift */; };
		6041C591263146DF0000EA4B /* CustomModifier.swift in Sources */ = {isa = PBXBuildFile; fileRef = 6041C590263146DF0000EA4B /* CustomModifier.swift */; };
		6041C59526314BBB0000EA4B /* CustomTextFeild.swift in Sources */ = {isa = PBXBuildFile; fileRef = 6041C59426314BBB0000EA4B /* CustomTextFeild.swift */; };
		6041C59A2631507C0000EA4B /* UIConfiguration.swift in Sources */ = {isa = PBXBuildFile; fileRef = 6041C5992631507C0000EA4B /* UIConfiguration.swift */; };
		6041C5A0263153880000EA4B /* UIColorEx.swift in Sources */ = {isa = PBXBuildFile; fileRef = 6041C59F263153880000EA4B /* UIColorEx.swift */; };
		6041C5A4263156F70000EA4B /* AppState.swift in Sources */ = {isa = PBXBuildFile; fileRef = 6041C5A3263156F70000EA4B /* AppState.swift */; };
		6041C5AC263158310000EA4B /* AuthApi.swift in Sources */ = {isa = PBXBuildFile; fileRef = 6041C5AB263158310000EA4B /* AuthApi.swift */; };
		6041C5B226315A230000EA4B /* AuthService.swift in Sources */ = {isa = PBXBuildFile; fileRef = 6041C5B126315A230000EA4B /* AuthService.swift */; };
		6041C5B62631602C0000EA4B /* SatusViewModel.swift in Sources */ = {isa = PBXBuildFile; fileRef = 6041C5B52631602C0000EA4B /* SatusViewModel.swift */; };
		6041C5BA263167D40000EA4B /* SignUpviewModel.swift in Sources */ = {isa = PBXBuildFile; fileRef = 6041C5B9263167D40000EA4B /* SignUpviewModel.swift */; };
		6041C5BE263167ED0000EA4B /* SignInViewModel.swift in Sources */ = {isa = PBXBuildFile; fileRef = 6041C5BD263167ED0000EA4B /* SignInViewModel.swift */; };
		6041C5C226316F720000EA4B /* SlpashView.swift in Sources */ = {isa = PBXBuildFile; fileRef = 6041C5C126316F720000EA4B /* SlpashView.swift */; };
		6041C5C6263170350000EA4B /* WelcomeView.swift in Sources */ = {isa = PBXBuildFile; fileRef = 6041C5C5263170350000EA4B /* WelcomeView.swift */; };
		6041C6D22631767F0000EA4B /* SignUPView.swift in Sources */ = {isa = PBXBuildFile; fileRef = 6041C6D12631767F0000EA4B /* SignUPView.swift */; };
		6041C6D8263180750000EA4B /* DrawerContent.swift in Sources */ = {isa = PBXBuildFile; fileRef = 6041C6D7263180750000EA4B /* DrawerContent.swift */; };
		6041C6DC263182000000EA4B /* HomeView.swift in Sources */ = {isa = PBXBuildFile; fileRef = 6041C6DB263182000000EA4B /* HomeView.swift */; };
		6041C6E0263184DD0000EA4B /* SignInView.swift in Sources */ = {isa = PBXBuildFile; fileRef = 6041C6DF263184DD0000EA4B /* SignInView.swift */; };
		6050ED07262FED450003FE27 /* TextfeildViewNew.swift in Sources */ = {isa = PBXBuildFile; fileRef = 6050ED06262FED450003FE27 /* TextfeildViewNew.swift */; };
		6050ED54262FF6D30003FE27 /* SwiftyJSON in Frameworks */ = {isa = PBXBuildFile; productRef = 6050ED53262FF6D30003FE27 /* SwiftyJSON */; };
		6050ED58262FF6F90003FE27 /* SDWebImageSwiftUI in Frameworks */ = {isa = PBXBuildFile; productRef = 6050ED57262FF6F90003FE27 /* SDWebImageSwiftUI */; };
		6050ED5C262FF8130003FE27 /* CardModel.swift in Sources */ = {isa = PBXBuildFile; fileRef = 6050ED5B262FF8130003FE27 /* CardModel.swift */; };
		6050ED61262FF8B90003FE27 /* NetworkManager.swift in Sources */ = {isa = PBXBuildFile; fileRef = 6050ED60262FF8B90003FE27 /* NetworkManager.swift */; };
		6050ED65262FFA490003FE27 /* NetworkService.swift in Sources */ = {isa = PBXBuildFile; fileRef = 6050ED64262FFA490003FE27 /* NetworkService.swift */; };
		6050ED682630029D0003FE27 /* CardView.swift in Sources */ = {isa = PBXBuildFile; fileRef = 6050ED672630029D0003FE27 /* CardView.swift */; };
		6050ED70263004A30003FE27 /* CardViewModel.swift in Sources */ = {isa = PBXBuildFile; fileRef = 6050ED6F263004A30003FE27 /* CardViewModel.swift */; };
		6050EE4726300DCD0003FE27 /* RxswiftApiDemoModel.xcdatamodeld in Sources */ = {isa = PBXBuildFile; fileRef = 6050EE4526300DCD0003FE27 /* RxswiftApiDemoModel.xcdatamodeld */; };
		6050EE4C263021B70003FE27 /* ObjectMapper in Frameworks */ = {isa = PBXBuildFile; productRef = 6050EE4B263021B70003FE27 /* ObjectMapper */; };
		6050EE8C263025F30003FE27 /* Book.swift in Sources */ = {isa = PBXBuildFile; fileRef = 6050EE8B263025F30003FE27 /* Book.swift */; };
		6050EE92263027C70003FE27 /* BookViewModel.swift in Sources */ = {isa = PBXBuildFile; fileRef = 6050EE91263027C70003FE27 /* BookViewModel.swift */; };
		6050EE95263027F00003FE27 /* BooksViewModel.swift in Sources */ = {isa = PBXBuildFile; fileRef = 6050EE94263027F00003FE27 /* BooksViewModel.swift */; };
		6050EE99263035120003FE27 /* BookEditView.swift in Sources */ = {isa = PBXBuildFile; fileRef = 6050EE98263035120003FE27 /* BookEditView.swift */; };
		6050EE9C2630352A0003FE27 /* BookDetailView.swift in Sources */ = {isa = PBXBuildFile; fileRef = 6050EE9B2630352A0003FE27 /* BookDetailView.swift */; };
		6050EE9F2630353C0003FE27 /* BookListView.swift in Sources */ = {isa = PBXBuildFile; fileRef = 6050EE9E2630353C0003FE27 /* BookListView.swift */; };
		6050EEB02630402F0003FE27 /* RxswiftApiDemoTests.swift in Sources */ = {isa = PBXBuildFile; fileRef = 6050EEAF2630402F0003FE27 /* RxswiftApiDemoTests.swift */; };
		6050EEBA2630523C0003FE27 /* GoogleService-Info.plist in Resources */ = {isa = PBXBuildFile; fileRef = 6050EEB92630523C0003FE27 /* GoogleService-Info.plist */; };
		605E59FA2642AED60071B2A3 /* CustomizedButtonview.swift in Sources */ = {isa = PBXBuildFile; fileRef = 605E59F92642AED60071B2A3 /* CustomizedButtonview.swift */; };
		605E5A002642B35F0071B2A3 /* CustomizedProgressView.swift in Sources */ = {isa = PBXBuildFile; fileRef = 605E59FF2642B35F0071B2A3 /* CustomizedProgressView.swift */; };
		605E5A042642BBA00071B2A3 /* CustumizedToggleView.swift in Sources */ = {isa = PBXBuildFile; fileRef = 605E5A032642BBA00071B2A3 /* CustumizedToggleView.swift */; };
		605E5A0A2642C1270071B2A3 /* CustomizedPathView.swift in Sources */ = {isa = PBXBuildFile; fileRef = 605E5A092642C1270071B2A3 /* CustomizedPathView.swift */; };
		605E5A0E2642C44F0071B2A3 /* CustomizsedShapeView.swift in Sources */ = {isa = PBXBuildFile; fileRef = 605E5A0D2642C44F0071B2A3 /* CustomizsedShapeView.swift */; };
		6065650C2636852A007E3DBE /* DragandDropLLoadView.swift in Sources */ = {isa = PBXBuildFile; fileRef = 6065650B2636852A007E3DBE /* DragandDropLLoadView.swift */; };
		6065651026369923007E3DBE /* ListScrollView.swift in Sources */ = {isa = PBXBuildFile; fileRef = 6065650F26369923007E3DBE /* ListScrollView.swift */; };
		606565142636A358007E3DBE /* OwnWindowView.swift in Sources */ = {isa = PBXBuildFile; fileRef = 606565132636A358007E3DBE /* OwnWindowView.swift */; };
		606565182636A918007E3DBE /* DragdropReOrtextview.swift in Sources */ = {isa = PBXBuildFile; fileRef = 606565172636A918007E3DBE /* DragdropReOrtextview.swift */; };
		6065651D2636B8FE007E3DBE /* ReapetingAnimationView.swift in Sources */ = {isa = PBXBuildFile; fileRef = 6065651C2636B8FE007E3DBE /* ReapetingAnimationView.swift */; };
		606565232636BE93007E3DBE /* StopAnimatingView.swift in Sources */ = {isa = PBXBuildFile; fileRef = 606565222636BE93007E3DBE /* StopAnimatingView.swift */; };
		606565272636C3C2007E3DBE /* TestAnimationDeactivate.swift in Sources */ = {isa = PBXBuildFile; fileRef = 606565262636C3C2007E3DBE /* TestAnimationDeactivate.swift */; };
		6065652B2636C843007E3DBE /* CustomPickerview.swift in Sources */ = {isa = PBXBuildFile; fileRef = 6065652A2636C843007E3DBE /* CustomPickerview.swift */; };
		6065652F2636D90B007E3DBE /* WebWithScrollView.swift in Sources */ = {isa = PBXBuildFile; fileRef = 6065652E2636D90B007E3DBE /* WebWithScrollView.swift */; };
		606E1DF6263936F900B05CCC /* MKPointAnnotation-Codable.swift in Sources */ = {isa = PBXBuildFile; fileRef = 606E1DF5263936F900B05CCC /* MKPointAnnotation-Codable.swift */; };
		606E1DFD2639637700B05CCC /* RouteMapView.swift in Sources */ = {isa = PBXBuildFile; fileRef = 606E1DFC2639637700B05CCC /* RouteMapView.swift */; };
		606E1E0426397B6800B05CCC /* LocationSearchView.swift in Sources */ = {isa = PBXBuildFile; fileRef = 606E1E0326397B6800B05CCC /* LocationSearchView.swift */; };
		606E1E0A26397BA000B05CCC /* LocationService.swift in Sources */ = {isa = PBXBuildFile; fileRef = 606E1E0926397BA000B05CCC /* LocationService.swift */; };
		6070A358263BD67600D75410 /* AnimationDemo.swift in Sources */ = {isa = PBXBuildFile; fileRef = 6070A357263BD67600D75410 /* AnimationDemo.swift */; };
		6070A35E263BDE9F00D75410 /* AnimateBandingView.swift in Sources */ = {isa = PBXBuildFile; fileRef = 6070A35D263BDE9F00D75410 /* AnimateBandingView.swift */; };
		6070A362263BE39400D75410 /* ExplicitAnimattion.swift in Sources */ = {isa = PBXBuildFile; fileRef = 6070A361263BE39400D75410 /* ExplicitAnimattion.swift */; };
		6070A366263BE65000D75410 /* ControllingAnimationstackView.swift in Sources */ = {isa = PBXBuildFile; fileRef = 6070A365263BE65000D75410 /* ControllingAnimationstackView.swift */; };
		6070A36A263BF16100D75410 /* AnimatedGestureView.swift in Sources */ = {isa = PBXBuildFile; fileRef = 6070A369263BF16100D75410 /* AnimatedGestureView.swift */; };
		6070A36E263BFFDC00D75410 /* ShowHideTransView.swift in Sources */ = {isa = PBXBuildFile; fileRef = 6070A36D263BFFDB00D75410 /* ShowHideTransView.swift */; };
		6070A372263C020E00D75410 /* CustomTransitionView.swift in Sources */ = {isa = PBXBuildFile; fileRef = 6070A371263C020E00D75410 /* CustomTransitionView.swift */; };
		6070A377263C065100D75410 /* UserView1.swift in Sources */ = {isa = PBXBuildFile; fileRef = 6070A376263C065100D75410 /* UserView1.swift */; };
		6070A37F263C142000D75410 /* FlipCardView.swift in Sources */ = {isa = PBXBuildFile; fileRef = 6070A37E263C142000D75410 /* FlipCardView.swift */; };
		60783E05262EB01100204C88 /* AppDelegate.swift in Sources */ = {isa = PBXBuildFile; fileRef = 60783E04262EB01100204C88 /* AppDelegate.swift */; };
		60783E07262EB01100204C88 /* SceneDelegate.swift in Sources */ = {isa = PBXBuildFile; fileRef = 60783E06262EB01100204C88 /* SceneDelegate.swift */; };
		60783E09262EB01100204C88 /* ContentView.swift in Sources */ = {isa = PBXBuildFile; fileRef = 60783E08262EB01100204C88 /* ContentView.swift */; };
		60783E0B262EB01200204C88 /* Assets.xcassets in Resources */ = {isa = PBXBuildFile; fileRef = 60783E0A262EB01200204C88 /* Assets.xcassets */; };
		60783E0E262EB01200204C88 /* Preview Assets.xcassets in Resources */ = {isa = PBXBuildFile; fileRef = 60783E0D262EB01200204C88 /* Preview Assets.xcassets */; };
		60783E11262EB01200204C88 /* LaunchScreen.storyboard in Resources */ = {isa = PBXBuildFile; fileRef = 60783E0F262EB01200204C88 /* LaunchScreen.storyboard */; };
		60783E22262EB08300204C88 /* RxLoaderView.swift in Sources */ = {isa = PBXBuildFile; fileRef = 60783E21262EB08300204C88 /* RxLoaderView.swift */; };
		60783E26262EB45D00204C88 /* RxButton.swift in Sources */ = {isa = PBXBuildFile; fileRef = 60783E25262EB45D00204C88 /* RxButton.swift */; };
		60783E29262EB64900204C88 /* RXAlamafireApi.swift in Sources */ = {isa = PBXBuildFile; fileRef = 60783E28262EB64900204C88 /* RXAlamafireApi.swift */; };
		60783E34262ED02F00204C88 /* SwiftUIApiCallingView.swift in Sources */ = {isa = PBXBuildFile; fileRef = 60783E33262ED02F00204C88 /* SwiftUIApiCallingView.swift */; };
		60783E3C262EE26300204C88 /* WoofResponse.swift in Sources */ = {isa = PBXBuildFile; fileRef = 60783E3B262EE26300204C88 /* WoofResponse.swift */; };
		60783E41262EE3FF00204C88 /* LoginHandler.swift in Sources */ = {isa = PBXBuildFile; fileRef = 60783E40262EE3FF00204C88 /* LoginHandler.swift */; };
		60783E45262EE43A00204C88 /* APIHandler.swift in Sources */ = {isa = PBXBuildFile; fileRef = 60783E44262EE43A00204C88 /* APIHandler.swift */; };
		60783E49262EE8DB00204C88 /* LoginViewModel.swift in Sources */ = {isa = PBXBuildFile; fileRef = 60783E48262EE8DB00204C88 /* LoginViewModel.swift */; };
		60783E58262F01E700204C88 /* DogView.swift in Sources */ = {isa = PBXBuildFile; fileRef = 60783E57262F01E700204C88 /* DogView.swift */; };
		60783F19262F0F5F00204C88 /* LoadingView.swift in Sources */ = {isa = PBXBuildFile; fileRef = 60783F17262F0F5F00204C88 /* LoadingView.swift */; };
		60783F1A262F0F5F00204C88 /* LoginView.swift in Sources */ = {isa = PBXBuildFile; fileRef = 60783F18262F0F5F00204C88 /* LoginView.swift */; };
		60783F20262F0F7300204C88 /* ActivityLoaderView.swift in Sources */ = {isa = PBXBuildFile; fileRef = 60783F1F262F0F7300204C88 /* ActivityLoaderView.swift */; };
		608586132637DE7E00F2A53A /* MapKitdemo.swift in Sources */ = {isa = PBXBuildFile; fileRef = 608586122637DE7E00F2A53A /* MapKitdemo.swift */; };
		608586172637DEE500F2A53A /* MapPin.swift in Sources */ = {isa = PBXBuildFile; fileRef = 608586162637DEE500F2A53A /* MapPin.swift */; };
		608586212637E1DE00F2A53A /* MapViewDemo.swift in Sources */ = {isa = PBXBuildFile; fileRef = 608586202637E1DE00F2A53A /* MapViewDemo.swift */; };
		608586252637F91700F2A53A /* MapviewTapView.swift in Sources */ = {isa = PBXBuildFile; fileRef = 608586242637F91700F2A53A /* MapviewTapView.swift */; };
		60858629263807F900F2A53A /* MapNewView.swift in Sources */ = {isa = PBXBuildFile; fileRef = 60858628263807F900F2A53A /* MapNewView.swift */; };
		6085862D2638142A00F2A53A /* MapShowView.swift in Sources */ = {isa = PBXBuildFile; fileRef = 6085862C2638142A00F2A53A /* MapShowView.swift */; };
		608586312638364600F2A53A /* MKAnnotation.swift in Sources */ = {isa = PBXBuildFile; fileRef = 608586302638364600F2A53A /* MKAnnotation.swift */; };
		608586352638378000F2A53A /* EditMapView.swift in Sources */ = {isa = PBXBuildFile; fileRef = 608586342638378000F2A53A /* EditMapView.swift */; };
		6085863926383E3800F2A53A /* Result.swift in Sources */ = {isa = PBXBuildFile; fileRef = 6085863826383E3800F2A53A /* Result.swift */; };
		60A11675263FBFB000426545 /* PickerView.swift in Sources */ = {isa = PBXBuildFile; fileRef = 60A11674263FBFB000426545 /* PickerView.swift */; };
		60A11679263FCC3D00426545 /* DropdownPicker.swift in Sources */ = {isa = PBXBuildFile; fileRef = 60A11678263FCC3D00426545 /* DropdownPicker.swift */; };
		60A1167D263FDF2600426545 /* PickerWithFrom.swift in Sources */ = {isa = PBXBuildFile; fileRef = 60A1167C263FDF2600426545 /* PickerWithFrom.swift */; };
		60A11681263FE1FF00426545 /* MultpleAlertView.swift in Sources */ = {isa = PBXBuildFile; fileRef = 60A11680263FE1FF00426545 /* MultpleAlertView.swift */; };
		60AC83D82644214800558965 /* CustomizedIndicatorView.swift in Sources */ = {isa = PBXBuildFile; fileRef = 60AC83D72644214800558965 /* CustomizedIndicatorView.swift */; };
		60C6E65E264131C700077CBD /* ImageSaver.swift in Sources */ = {isa = PBXBuildFile; fileRef = 60C6E65D264131C700077CBD /* ImageSaver.swift */; };
		60D749D32645110A0092BA01 /* QRCodeScanView.swift in Sources */ = {isa = PBXBuildFile; fileRef = 60D749D22645110A0092BA01 /* QRCodeScanView.swift */; };
		60D749DA264511380092BA01 /* CodeScanner in Frameworks */ = {isa = PBXBuildFile; productRef = 60D749D9264511380092BA01 /* CodeScanner */; };
		60D749DE264513D80092BA01 /* ScannerViewModel.swift in Sources */ = {isa = PBXBuildFile; fileRef = 60D749DD264513D80092BA01 /* ScannerViewModel.swift */; };
		60D749E226451C830092BA01 /* QrCodeCameraDelegate.swift in Sources */ = {isa = PBXBuildFile; fileRef = 60D749E126451C830092BA01 /* QrCodeCameraDelegate.swift */; };
		60D749E6264521F40092BA01 /* CameraPreview.swift in Sources */ = {isa = PBXBuildFile; fileRef = 60D749E5264521F40092BA01 /* CameraPreview.swift */; };
		60D749F0264526F10092BA01 /* QrCodeScannerView.swift in Sources */ = {isa = PBXBuildFile; fileRef = 60D749EF264526F10092BA01 /* QrCodeScannerView.swift */; };
		60D749F526453A570092BA01 /* MakeACallView.swift in Sources */ = {isa = PBXBuildFile; fileRef = 60D749F426453A570092BA01 /* MakeACallView.swift */; };
		60D749FC26453DE40092BA01 /* BarCodeScanView.swift in Sources */ = {isa = PBXBuildFile; fileRef = 60D749FB26453DE40092BA01 /* BarCodeScanView.swift */; };
		60D74A0526455B720092BA01 /* QRCodeWith4CornerView.swift in Sources */ = {isa = PBXBuildFile; fileRef = 60D74A0426455B720092BA01 /* QRCodeWith4CornerView.swift */; };
		60D74A09264562730092BA01 /* ImplicitAnimationView.swift in Sources */ = {isa = PBXBuildFile; fileRef = 60D74A08264562730092BA01 /* ImplicitAnimationView.swift */; };
		60D74A0D264565010092BA01 /* AnimationExpliitView.swift in Sources */ = {isa = PBXBuildFile; fileRef = 60D74A0C264565000092BA01 /* AnimationExpliitView.swift */; };
		60D74A112645693A0092BA01 /* ClockShapeAniView.swift in Sources */ = {isa = PBXBuildFile; fileRef = 60D74A102645693A0092BA01 /* ClockShapeAniView.swift */; };
		60ED94B9263298EA0089F4D3 /* User1.swift in Sources */ = {isa = PBXBuildFile; fileRef = 60ED94B8263298EA0089F4D3 /* User1.swift */; };
		60ED94BD263299460089F4D3 /* UserViewModel.swift in Sources */ = {isa = PBXBuildFile; fileRef = 60ED94BC263299460089F4D3 /* UserViewModel.swift */; };
		60ED94C126329C870089F4D3 /* UserView.swift in Sources */ = {isa = PBXBuildFile; fileRef = 60ED94C026329C870089F4D3 /* UserView.swift */; };
		60ED954D2632BE1D0089F4D3 /* Model.swift in Sources */ = {isa = PBXBuildFile; fileRef = 60ED954C2632BE1D0089F4D3 /* Model.swift */; };
		60ED95532632BE480089F4D3 /* DogViewModel.swift in Sources */ = {isa = PBXBuildFile; fileRef = 60ED95522632BE480089F4D3 /* DogViewModel.swift */; };
		60ED955A2632BE650089F4D3 /* DogList.swift in Sources */ = {isa = PBXBuildFile; fileRef = 60ED95592632BE650089F4D3 /* DogList.swift */; };
		60ED955E2632BEAA0089F4D3 /* 4.png in Resources */ = {isa = PBXBuildFile; fileRef = 60ED955D2632BEAA0089F4D3 /* 4.png */; };
		60ED95622632BF020089F4D3 /* IMGStorageClass.swift in Sources */ = {isa = PBXBuildFile; fileRef = 60ED95612632BF020089F4D3 /* IMGStorageClass.swift */; };
		60ED95682632CB320089F4D3 /* 1.png in Resources */ = {isa = PBXBuildFile; fileRef = 60ED95672632CB320089F4D3 /* 1.png */; };
		60ED956E2632F8350089F4D3 /* EyeBlinkView.swift in Sources */ = {isa = PBXBuildFile; fileRef = 60ED956D2632F8350089F4D3 /* EyeBlinkView.swift */; };
		60ED95732632FC3A0089F4D3 /* Unknown in Resources */ = {isa = PBXBuildFile; fileRef = 60ED95712632FC3A0089F4D3 /* Unknown */; };
		60ED95742632FC3A0089F4D3 /* Unknown-2 in Resources */ = {isa = PBXBuildFile; fileRef = 60ED95722632FC3A0089F4D3 /* Unknown-2 */; };
/* End PBXBuildFile section */

/* Begin PBXContainerItemProxy section */
		6050EEB22630402F0003FE27 /* PBXContainerItemProxy */ = {
			isa = PBXContainerItemProxy;
			containerPortal = 60783DF9262EB01100204C88 /* Project object */;
			proxyType = 1;
			remoteGlobalIDString = 60783E00262EB01100204C88;
			remoteInfo = RxswiftApiDemo;
		};
/* End PBXContainerItemProxy section */

/* Begin PBXFileReference section */
		40D4C739D8DB227346077A8D /* Pods-RxswiftApiDemo.debug.xcconfig */ = {isa = PBXFileReference; includeInIndex = 1; lastKnownFileType = text.xcconfig; name = "Pods-RxswiftApiDemo.debug.xcconfig"; path = "Target Support Files/Pods-RxswiftApiDemo/Pods-RxswiftApiDemo.debug.xcconfig"; sourceTree = "<group>"; };
		58C6F77F65FF60B040245346 /* Pods-RxswiftApiDemo.release.xcconfig */ = {isa = PBXFileReference; includeInIndex = 1; lastKnownFileType = text.xcconfig; name = "Pods-RxswiftApiDemo.release.xcconfig"; path = "Target Support Files/Pods-RxswiftApiDemo/Pods-RxswiftApiDemo.release.xcconfig"; sourceTree = "<group>"; };
		6012CD5A263FEB96009A254E /* MultipleAnnotationView.swift */ = {isa = PBXFileReference; lastKnownFileType = sourcecode.swift; path = MultipleAnnotationView.swift; sourceTree = "<group>"; };
		6012CD64263FF33F009A254E /* ShowFilterImageView.swift */ = {isa = PBXFileReference; lastKnownFileType = sourcecode.swift; path = ShowFilterImageView.swift; sourceTree = "<group>"; };
		6012CD6A263FFC3C009A254E /* ImagePicker.swift */ = {isa = PBXFileReference; lastKnownFileType = sourcecode.swift; path = ImagePicker.swift; sourceTree = "<group>"; };
		601501822633DFDC00DAC3C4 /* images-2.jpeg */ = {isa = PBXFileReference; lastKnownFileType = image.jpeg; path = "images-2.jpeg"; sourceTree = "<group>"; };
		601501862633DFE600DAC3C4 /* Eye1.png */ = {isa = PBXFileReference; lastKnownFileType = image.png; path = Eye1.png; sourceTree = "<group>"; };
		6015018A2633E41B00DAC3C4 /* images-3.jpeg */ = {isa = PBXFileReference; lastKnownFileType = image.jpeg; path = "images-3.jpeg"; sourceTree = "<group>"; };
		6015018E2633E65300DAC3C4 /* AnimateImageView.swift */ = {isa = PBXFileReference; lastKnownFileType = sourcecode.swift; path = AnimateImageView.swift; sourceTree = "<group>"; };
		601501922633EA8E00DAC3C4 /* AnimatingImageDemoView.swift */ = {isa = PBXFileReference; lastKnownFileType = sourcecode.swift; path = AnimatingImageDemoView.swift; sourceTree = "<group>"; };
		601501962633F0C300DAC3C4 /* CustomScrollView.swift */ = {isa = PBXFileReference; lastKnownFileType = sourcecode.swift; path = CustomScrollView.swift; sourceTree = "<group>"; };
		6015019A263406E000DAC3C4 /* TestWrappedLayout.swift */ = {isa = PBXFileReference; lastKnownFileType = sourcecode.swift; path = TestWrappedLayout.swift; sourceTree = "<group>"; };
		6041C58B263146420000EA4B /* User.swift */ = {isa = PBXFileReference; lastKnownFileType = sourcecode.swift; path = User.swift; sourceTree = "<group>"; };
		6041C590263146DF0000EA4B /* CustomModifier.swift */ = {isa = PBXFileReference; lastKnownFileType = sourcecode.swift; path = CustomModifier.swift; sourceTree = "<group>"; };
		6041C59426314BBB0000EA4B /* CustomTextFeild.swift */ = {isa = PBXFileReference; lastKnownFileType = sourcecode.swift; path = CustomTextFeild.swift; sourceTree = "<group>"; };
		6041C5992631507C0000EA4B /* UIConfiguration.swift */ = {isa = PBXFileReference; lastKnownFileType = sourcecode.swift; path = UIConfiguration.swift; sourceTree = "<group>"; };
		6041C59F263153880000EA4B /* UIColorEx.swift */ = {isa = PBXFileReference; lastKnownFileType = sourcecode.swift; path = UIColorEx.swift; sourceTree = "<group>"; };
		6041C5A3263156F70000EA4B /* AppState.swift */ = {isa = PBXFileReference; lastKnownFileType = sourcecode.swift; path = AppState.swift; sourceTree = "<group>"; };
		6041C5AB263158310000EA4B /* AuthApi.swift */ = {isa = PBXFileReference; lastKnownFileType = sourcecode.swift; path = AuthApi.swift; sourceTree = "<group>"; };
		6041C5B126315A230000EA4B /* AuthService.swift */ = {isa = PBXFileReference; lastKnownFileType = sourcecode.swift; path = AuthService.swift; sourceTree = "<group>"; };
		6041C5B52631602C0000EA4B /* SatusViewModel.swift */ = {isa = PBXFileReference; lastKnownFileType = sourcecode.swift; path = SatusViewModel.swift; sourceTree = "<group>"; };
		6041C5B9263167D40000EA4B /* SignUpviewModel.swift */ = {isa = PBXFileReference; lastKnownFileType = sourcecode.swift; path = SignUpviewModel.swift; sourceTree = "<group>"; };
		6041C5BD263167ED0000EA4B /* SignInViewModel.swift */ = {isa = PBXFileReference; lastKnownFileType = sourcecode.swift; path = SignInViewModel.swift; sourceTree = "<group>"; };
		6041C5C126316F720000EA4B /* SlpashView.swift */ = {isa = PBXFileReference; lastKnownFileType = sourcecode.swift; path = SlpashView.swift; sourceTree = "<group>"; };
		6041C5C5263170350000EA4B /* WelcomeView.swift */ = {isa = PBXFileReference; lastKnownFileType = sourcecode.swift; path = WelcomeView.swift; sourceTree = "<group>"; };
		6041C6D12631767F0000EA4B /* SignUPView.swift */ = {isa = PBXFileReference; lastKnownFileType = sourcecode.swift; path = SignUPView.swift; sourceTree = "<group>"; };
		6041C6D7263180750000EA4B /* DrawerContent.swift */ = {isa = PBXFileReference; lastKnownFileType = sourcecode.swift; path = DrawerContent.swift; sourceTree = "<group>"; };
		6041C6DB263182000000EA4B /* HomeView.swift */ = {isa = PBXFileReference; lastKnownFileType = sourcecode.swift; path = HomeView.swift; sourceTree = "<group>"; };
		6041C6DF263184DD0000EA4B /* SignInView.swift */ = {isa = PBXFileReference; lastKnownFileType = sourcecode.swift; path = SignInView.swift; sourceTree = "<group>"; };
		6050ED06262FED450003FE27 /* TextfeildViewNew.swift */ = {isa = PBXFileReference; lastKnownFileType = sourcecode.swift; path = TextfeildViewNew.swift; sourceTree = "<group>"; };
		6050ED5B262FF8130003FE27 /* CardModel.swift */ = {isa = PBXFileReference; lastKnownFileType = sourcecode.swift; path = CardModel.swift; sourceTree = "<group>"; };
		6050ED60262FF8B90003FE27 /* NetworkManager.swift */ = {isa = PBXFileReference; lastKnownFileType = sourcecode.swift; path = NetworkManager.swift; sourceTree = "<group>"; };
		6050ED64262FFA490003FE27 /* NetworkService.swift */ = {isa = PBXFileReference; lastKnownFileType = sourcecode.swift; path = NetworkService.swift; sourceTree = "<group>"; };
		6050ED672630029D0003FE27 /* CardView.swift */ = {isa = PBXFileReference; lastKnownFileType = sourcecode.swift; path = CardView.swift; sourceTree = "<group>"; };
		6050ED6F263004A30003FE27 /* CardViewModel.swift */ = {isa = PBXFileReference; lastKnownFileType = sourcecode.swift; path = CardViewModel.swift; sourceTree = "<group>"; };
		6050EE4626300DCD0003FE27 /* RxswiftApiDemoModel.xcdatamodel */ = {isa = PBXFileReference; lastKnownFileType = wrapper.xcdatamodel; path = RxswiftApiDemoModel.xcdatamodel; sourceTree = "<group>"; };
		6050EE8B263025F30003FE27 /* Book.swift */ = {isa = PBXFileReference; lastKnownFileType = sourcecode.swift; path = Book.swift; sourceTree = "<group>"; };
		6050EE91263027C70003FE27 /* BookViewModel.swift */ = {isa = PBXFileReference; lastKnownFileType = sourcecode.swift; path = BookViewModel.swift; sourceTree = "<group>"; };
		6050EE94263027F00003FE27 /* BooksViewModel.swift */ = {isa = PBXFileReference; lastKnownFileType = sourcecode.swift; path = BooksViewModel.swift; sourceTree = "<group>"; };
		6050EE98263035120003FE27 /* BookEditView.swift */ = {isa = PBXFileReference; lastKnownFileType = sourcecode.swift; path = BookEditView.swift; sourceTree = "<group>"; };
		6050EE9B2630352A0003FE27 /* BookDetailView.swift */ = {isa = PBXFileReference; lastKnownFileType = sourcecode.swift; path = BookDetailView.swift; sourceTree = "<group>"; };
		6050EE9E2630353C0003FE27 /* BookListView.swift */ = {isa = PBXFileReference; lastKnownFileType = sourcecode.swift; path = BookListView.swift; sourceTree = "<group>"; };
		6050EEAD2630402F0003FE27 /* RxswiftApiDemoTests.xctest */ = {isa = PBXFileReference; explicitFileType = wrapper.cfbundle; includeInIndex = 0; path = RxswiftApiDemoTests.xctest; sourceTree = BUILT_PRODUCTS_DIR; };
		6050EEAF2630402F0003FE27 /* RxswiftApiDemoTests.swift */ = {isa = PBXFileReference; lastKnownFileType = sourcecode.swift; path = RxswiftApiDemoTests.swift; sourceTree = "<group>"; };
		6050EEB12630402F0003FE27 /* Info.plist */ = {isa = PBXFileReference; lastKnownFileType = text.plist.xml; path = Info.plist; sourceTree = "<group>"; };
		6050EEB92630523C0003FE27 /* GoogleService-Info.plist */ = {isa = PBXFileReference; fileEncoding = 4; lastKnownFileType = text.plist.xml; path = "GoogleService-Info.plist"; sourceTree = "<group>"; };
		605E59F92642AED60071B2A3 /* CustomizedButtonview.swift */ = {isa = PBXFileReference; lastKnownFileType = sourcecode.swift; path = CustomizedButtonview.swift; sourceTree = "<group>"; };
		605E59FF2642B35F0071B2A3 /* CustomizedProgressView.swift */ = {isa = PBXFileReference; lastKnownFileType = sourcecode.swift; path = CustomizedProgressView.swift; sourceTree = "<group>"; };
		605E5A032642BBA00071B2A3 /* CustumizedToggleView.swift */ = {isa = PBXFileReference; lastKnownFileType = sourcecode.swift; path = CustumizedToggleView.swift; sourceTree = "<group>"; };
		605E5A092642C1270071B2A3 /* CustomizedPathView.swift */ = {isa = PBXFileReference; lastKnownFileType = sourcecode.swift; path = CustomizedPathView.swift; sourceTree = "<group>"; };
		605E5A0D2642C44F0071B2A3 /* CustomizsedShapeView.swift */ = {isa = PBXFileReference; lastKnownFileType = sourcecode.swift; path = CustomizsedShapeView.swift; sourceTree = "<group>"; };
		6065650B2636852A007E3DBE /* DragandDropLLoadView.swift */ = {isa = PBXFileReference; lastKnownFileType = sourcecode.swift; path = DragandDropLLoadView.swift; sourceTree = "<group>"; };
		6065650F26369923007E3DBE /* ListScrollView.swift */ = {isa = PBXFileReference; lastKnownFileType = sourcecode.swift; path = ListScrollView.swift; sourceTree = "<group>"; };
		606565132636A358007E3DBE /* OwnWindowView.swift */ = {isa = PBXFileReference; lastKnownFileType = sourcecode.swift; path = OwnWindowView.swift; sourceTree = "<group>"; };
		606565172636A918007E3DBE /* DragdropReOrtextview.swift */ = {isa = PBXFileReference; lastKnownFileType = sourcecode.swift; path = DragdropReOrtextview.swift; sourceTree = "<group>"; };
		6065651C2636B8FE007E3DBE /* ReapetingAnimationView.swift */ = {isa = PBXFileReference; lastKnownFileType = sourcecode.swift; path = ReapetingAnimationView.swift; sourceTree = "<group>"; };
		606565222636BE93007E3DBE /* StopAnimatingView.swift */ = {isa = PBXFileReference; lastKnownFileType = sourcecode.swift; path = StopAnimatingView.swift; sourceTree = "<group>"; };
		606565262636C3C2007E3DBE /* TestAnimationDeactivate.swift */ = {isa = PBXFileReference; lastKnownFileType = sourcecode.swift; path = TestAnimationDeactivate.swift; sourceTree = "<group>"; };
		6065652A2636C843007E3DBE /* CustomPickerview.swift */ = {isa = PBXFileReference; lastKnownFileType = sourcecode.swift; path = CustomPickerview.swift; sourceTree = "<group>"; };
		6065652E2636D90B007E3DBE /* WebWithScrollView.swift */ = {isa = PBXFileReference; lastKnownFileType = sourcecode.swift; path = WebWithScrollView.swift; sourceTree = "<group>"; };
		606E1DF5263936F900B05CCC /* MKPointAnnotation-Codable.swift */ = {isa = PBXFileReference; lastKnownFileType = sourcecode.swift; path = "MKPointAnnotation-Codable.swift"; sourceTree = "<group>"; };
		606E1DFC2639637700B05CCC /* RouteMapView.swift */ = {isa = PBXFileReference; lastKnownFileType = sourcecode.swift; path = RouteMapView.swift; sourceTree = "<group>"; };
		606E1E0326397B6800B05CCC /* LocationSearchView.swift */ = {isa = PBXFileReference; lastKnownFileType = sourcecode.swift; path = LocationSearchView.swift; sourceTree = "<group>"; };
		606E1E0926397BA000B05CCC /* LocationService.swift */ = {isa = PBXFileReference; lastKnownFileType = sourcecode.swift; path = LocationService.swift; sourceTree = "<group>"; };
		6070A357263BD67600D75410 /* AnimationDemo.swift */ = {isa = PBXFileReference; lastKnownFileType = sourcecode.swift; path = AnimationDemo.swift; sourceTree = "<group>"; };
		6070A35D263BDE9F00D75410 /* AnimateBandingView.swift */ = {isa = PBXFileReference; lastKnownFileType = sourcecode.swift; path = AnimateBandingView.swift; sourceTree = "<group>"; };
		6070A361263BE39400D75410 /* ExplicitAnimattion.swift */ = {isa = PBXFileReference; lastKnownFileType = sourcecode.swift; path = ExplicitAnimattion.swift; sourceTree = "<group>"; };
		6070A365263BE65000D75410 /* ControllingAnimationstackView.swift */ = {isa = PBXFileReference; lastKnownFileType = sourcecode.swift; path = ControllingAnimationstackView.swift; sourceTree = "<group>"; };
		6070A369263BF16100D75410 /* AnimatedGestureView.swift */ = {isa = PBXFileReference; lastKnownFileType = sourcecode.swift; path = AnimatedGestureView.swift; sourceTree = "<group>"; };
		6070A36D263BFFDB00D75410 /* ShowHideTransView.swift */ = {isa = PBXFileReference; lastKnownFileType = sourcecode.swift; path = ShowHideTransView.swift; sourceTree = "<group>"; };
		6070A371263C020E00D75410 /* CustomTransitionView.swift */ = {isa = PBXFileReference; lastKnownFileType = sourcecode.swift; path = CustomTransitionView.swift; sourceTree = "<group>"; };
		6070A376263C065100D75410 /* UserView1.swift */ = {isa = PBXFileReference; lastKnownFileType = sourcecode.swift; path = UserView1.swift; sourceTree = "<group>"; };
		6070A37E263C142000D75410 /* FlipCardView.swift */ = {isa = PBXFileReference; lastKnownFileType = sourcecode.swift; path = FlipCardView.swift; sourceTree = "<group>"; };
		60783E01262EB01100204C88 /* RxswiftApiDemo.app */ = {isa = PBXFileReference; explicitFileType = wrapper.application; includeInIndex = 0; path = RxswiftApiDemo.app; sourceTree = BUILT_PRODUCTS_DIR; };
		60783E04262EB01100204C88 /* AppDelegate.swift */ = {isa = PBXFileReference; lastKnownFileType = sourcecode.swift; path = AppDelegate.swift; sourceTree = "<group>"; };
		60783E06262EB01100204C88 /* SceneDelegate.swift */ = {isa = PBXFileReference; lastKnownFileType = sourcecode.swift; path = SceneDelegate.swift; sourceTree = "<group>"; };
		60783E08262EB01100204C88 /* ContentView.swift */ = {isa = PBXFileReference; lastKnownFileType = sourcecode.swift; path = ContentView.swift; sourceTree = "<group>"; };
		60783E0A262EB01200204C88 /* Assets.xcassets */ = {isa = PBXFileReference; lastKnownFileType = folder.assetcatalog; path = Assets.xcassets; sourceTree = "<group>"; };
		60783E0D262EB01200204C88 /* Preview Assets.xcassets */ = {isa = PBXFileReference; lastKnownFileType = folder.assetcatalog; path = "Preview Assets.xcassets"; sourceTree = "<group>"; };
		60783E10262EB01200204C88 /* Base */ = {isa = PBXFileReference; lastKnownFileType = file.storyboard; name = Base; path = Base.lproj/LaunchScreen.storyboard; sourceTree = "<group>"; };
		60783E12262EB01200204C88 /* Info.plist */ = {isa = PBXFileReference; lastKnownFileType = text.plist.xml; path = Info.plist; sourceTree = "<group>"; };
		60783E21262EB08300204C88 /* RxLoaderView.swift */ = {isa = PBXFileReference; lastKnownFileType = sourcecode.swift; path = RxLoaderView.swift; sourceTree = "<group>"; };
		60783E25262EB45D00204C88 /* RxButton.swift */ = {isa = PBXFileReference; lastKnownFileType = sourcecode.swift; path = RxButton.swift; sourceTree = "<group>"; };
		60783E28262EB64900204C88 /* RXAlamafireApi.swift */ = {isa = PBXFileReference; lastKnownFileType = sourcecode.swift; path = RXAlamafireApi.swift; sourceTree = "<group>"; };
		60783E33262ED02F00204C88 /* SwiftUIApiCallingView.swift */ = {isa = PBXFileReference; lastKnownFileType = sourcecode.swift; path = SwiftUIApiCallingView.swift; sourceTree = "<group>"; };
		60783E3B262EE26300204C88 /* WoofResponse.swift */ = {isa = PBXFileReference; lastKnownFileType = sourcecode.swift; path = WoofResponse.swift; sourceTree = "<group>"; };
		60783E40262EE3FF00204C88 /* LoginHandler.swift */ = {isa = PBXFileReference; lastKnownFileType = sourcecode.swift; path = LoginHandler.swift; sourceTree = "<group>"; };
		60783E44262EE43A00204C88 /* APIHandler.swift */ = {isa = PBXFileReference; lastKnownFileType = sourcecode.swift; path = APIHandler.swift; sourceTree = "<group>"; };
		60783E48262EE8DB00204C88 /* LoginViewModel.swift */ = {isa = PBXFileReference; lastKnownFileType = sourcecode.swift; path = LoginViewModel.swift; sourceTree = "<group>"; };
		60783E57262F01E700204C88 /* DogView.swift */ = {isa = PBXFileReference; lastKnownFileType = sourcecode.swift; path = DogView.swift; sourceTree = "<group>"; };
		60783F17262F0F5F00204C88 /* LoadingView.swift */ = {isa = PBXFileReference; fileEncoding = 4; lastKnownFileType = sourcecode.swift; path = LoadingView.swift; sourceTree = "<group>"; };
		60783F18262F0F5F00204C88 /* LoginView.swift */ = {isa = PBXFileReference; fileEncoding = 4; lastKnownFileType = sourcecode.swift; path = LoginView.swift; sourceTree = "<group>"; };
		60783F1F262F0F7300204C88 /* ActivityLoaderView.swift */ = {isa = PBXFileReference; fileEncoding = 4; lastKnownFileType = sourcecode.swift; path = ActivityLoaderView.swift; sourceTree = "<group>"; };
		608586122637DE7E00F2A53A /* MapKitdemo.swift */ = {isa = PBXFileReference; lastKnownFileType = sourcecode.swift; path = MapKitdemo.swift; sourceTree = "<group>"; };
		608586162637DEE500F2A53A /* MapPin.swift */ = {isa = PBXFileReference; lastKnownFileType = sourcecode.swift; path = MapPin.swift; sourceTree = "<group>"; };
		608586202637E1DE00F2A53A /* MapViewDemo.swift */ = {isa = PBXFileReference; lastKnownFileType = sourcecode.swift; path = MapViewDemo.swift; sourceTree = "<group>"; };
		608586242637F91700F2A53A /* MapviewTapView.swift */ = {isa = PBXFileReference; lastKnownFileType = sourcecode.swift; path = MapviewTapView.swift; sourceTree = "<group>"; };
		60858628263807F900F2A53A /* MapNewView.swift */ = {isa = PBXFileReference; lastKnownFileType = sourcecode.swift; path = MapNewView.swift; sourceTree = "<group>"; };
		6085862C2638142A00F2A53A /* MapShowView.swift */ = {isa = PBXFileReference; lastKnownFileType = sourcecode.swift; path = MapShowView.swift; sourceTree = "<group>"; };
		608586302638364600F2A53A /* MKAnnotation.swift */ = {isa = PBXFileReference; lastKnownFileType = sourcecode.swift; path = MKAnnotation.swift; sourceTree = "<group>"; };
		608586342638378000F2A53A /* EditMapView.swift */ = {isa = PBXFileReference; lastKnownFileType = sourcecode.swift; path = EditMapView.swift; sourceTree = "<group>"; };
		6085863826383E3800F2A53A /* Result.swift */ = {isa = PBXFileReference; lastKnownFileType = sourcecode.swift; path = Result.swift; sourceTree = "<group>"; };
		60A11674263FBFB000426545 /* PickerView.swift */ = {isa = PBXFileReference; lastKnownFileType = sourcecode.swift; path = PickerView.swift; sourceTree = "<group>"; };
		60A11678263FCC3D00426545 /* DropdownPicker.swift */ = {isa = PBXFileReference; lastKnownFileType = sourcecode.swift; path = DropdownPicker.swift; sourceTree = "<group>"; };
		60A1167C263FDF2600426545 /* PickerWithFrom.swift */ = {isa = PBXFileReference; lastKnownFileType = sourcecode.swift; path = PickerWithFrom.swift; sourceTree = "<group>"; };
		60A11680263FE1FF00426545 /* MultpleAlertView.swift */ = {isa = PBXFileReference; lastKnownFileType = sourcecode.swift; path = MultpleAlertView.swift; sourceTree = "<group>"; };
		60AC83D72644214800558965 /* CustomizedIndicatorView.swift */ = {isa = PBXFileReference; lastKnownFileType = sourcecode.swift; path = CustomizedIndicatorView.swift; sourceTree = "<group>"; };
		60C6E65D264131C700077CBD /* ImageSaver.swift */ = {isa = PBXFileReference; lastKnownFileType = sourcecode.swift; path = ImageSaver.swift; sourceTree = "<group>"; };
		60D749D22645110A0092BA01 /* QRCodeScanView.swift */ = {isa = PBXFileReference; lastKnownFileType = sourcecode.swift; path = QRCodeScanView.swift; sourceTree = "<group>"; };
		60D749DD264513D80092BA01 /* ScannerViewModel.swift */ = {isa = PBXFileReference; lastKnownFileType = sourcecode.swift; path = ScannerViewModel.swift; sourceTree = "<group>"; };
		60D749E126451C830092BA01 /* QrCodeCameraDelegate.swift */ = {isa = PBXFileReference; lastKnownFileType = sourcecode.swift; path = QrCodeCameraDelegate.swift; sourceTree = "<group>"; };
		60D749E5264521F40092BA01 /* CameraPreview.swift */ = {isa = PBXFileReference; lastKnownFileType = sourcecode.swift; path = CameraPreview.swift; sourceTree = "<group>"; };
		60D749EF264526F10092BA01 /* QrCodeScannerView.swift */ = {isa = PBXFileReference; lastKnownFileType = sourcecode.swift; path = QrCodeScannerView.swift; sourceTree = "<group>"; };
		60D749F426453A570092BA01 /* MakeACallView.swift */ = {isa = PBXFileReference; lastKnownFileType = sourcecode.swift; path = MakeACallView.swift; sourceTree = "<group>"; };
		60D749FB26453DE40092BA01 /* BarCodeScanView.swift */ = {isa = PBXFileReference; lastKnownFileType = sourcecode.swift; path = BarCodeScanView.swift; sourceTree = "<group>"; };
		60D74A0426455B720092BA01 /* QRCodeWith4CornerView.swift */ = {isa = PBXFileReference; lastKnownFileType = sourcecode.swift; path = QRCodeWith4CornerView.swift; sourceTree = "<group>"; };
		60D74A08264562730092BA01 /* ImplicitAnimationView.swift */ = {isa = PBXFileReference; lastKnownFileType = sourcecode.swift; path = ImplicitAnimationView.swift; sourceTree = "<group>"; };
		60D74A0C264565000092BA01 /* AnimationExpliitView.swift */ = {isa = PBXFileReference; lastKnownFileType = sourcecode.swift; path = AnimationExpliitView.swift; sourceTree = "<group>"; };
		60D74A102645693A0092BA01 /* ClockShapeAniView.swift */ = {isa = PBXFileReference; lastKnownFileType = sourcecode.swift; path = ClockShapeAniView.swift; sourceTree = "<group>"; };
		60ED94B8263298EA0089F4D3 /* User1.swift */ = {isa = PBXFileReference; lastKnownFileType = sourcecode.swift; path = User1.swift; sourceTree = "<group>"; };
		60ED94BC263299460089F4D3 /* UserViewModel.swift */ = {isa = PBXFileReference; lastKnownFileType = sourcecode.swift; path = UserViewModel.swift; sourceTree = "<group>"; };
		60ED94C026329C870089F4D3 /* UserView.swift */ = {isa = PBXFileReference; lastKnownFileType = sourcecode.swift; path = UserView.swift; sourceTree = "<group>"; };
		60ED954C2632BE1D0089F4D3 /* Model.swift */ = {isa = PBXFileReference; lastKnownFileType = sourcecode.swift; path = Model.swift; sourceTree = "<group>"; };
		60ED95522632BE480089F4D3 /* DogViewModel.swift */ = {isa = PBXFileReference; lastKnownFileType = sourcecode.swift; path = DogViewModel.swift; sourceTree = "<group>"; };
		60ED95592632BE650089F4D3 /* DogList.swift */ = {isa = PBXFileReference; lastKnownFileType = sourcecode.swift; path = DogList.swift; sourceTree = "<group>"; };
		60ED955D2632BEAA0089F4D3 /* 4.png */ = {isa = PBXFileReference; lastKnownFileType = image.png; path = 4.png; sourceTree = "<group>"; };
		60ED95612632BF020089F4D3 /* IMGStorageClass.swift */ = {isa = PBXFileReference; lastKnownFileType = sourcecode.swift; path = IMGStorageClass.swift; sourceTree = "<group>"; };
		60ED95672632CB320089F4D3 /* 1.png */ = {isa = PBXFileReference; lastKnownFileType = image.png; path = 1.png; sourceTree = "<group>"; };
		60ED956D2632F8350089F4D3 /* EyeBlinkView.swift */ = {isa = PBXFileReference; lastKnownFileType = sourcecode.swift; path = EyeBlinkView.swift; sourceTree = "<group>"; };
		60ED95712632FC3A0089F4D3 /* Unknown */ = {isa = PBXFileReference; lastKnownFileType = file; path = Unknown; sourceTree = "<group>"; };
		60ED95722632FC3A0089F4D3 /* Unknown-2 */ = {isa = PBXFileReference; lastKnownFileType = file; path = "Unknown-2"; sourceTree = "<group>"; };
		61A99CF99208707D964F73E1 /* Pods_RxswiftApiDemo.framework */ = {isa = PBXFileReference; explicitFileType = wrapper.framework; includeInIndex = 0; path = Pods_RxswiftApiDemo.framework; sourceTree = BUILT_PRODUCTS_DIR; };
/* End PBXFileReference section */

/* Begin PBXFrameworksBuildPhase section */
		6050EEAA2630402F0003FE27 /* Frameworks */ = {
			isa = PBXFrameworksBuildPhase;
			buildActionMask = 2147483647;
			files = (
			);
			runOnlyForDeploymentPostprocessing = 0;
		};
		60783DFE262EB01100204C88 /* Frameworks */ = {
			isa = PBXFrameworksBuildPhase;
			buildActionMask = 2147483647;
			files = (
				6050EE4C263021B70003FE27 /* ObjectMapper in Frameworks */,
				6050ED58262FF6F90003FE27 /* SDWebImageSwiftUI in Frameworks */,
				6050ED54262FF6D30003FE27 /* SwiftyJSON in Frameworks */,
				3DE15777B48A49A659986275 /* Pods_RxswiftApiDemo.framework in Frameworks */,
				60D749DA264511380092BA01 /* CodeScanner in Frameworks */,
			);
			runOnlyForDeploymentPostprocessing = 0;
		};
/* End PBXFrameworksBuildPhase section */

/* Begin PBXGroup section */
		6041C563263145960000EA4B /* FirebaseDemoWithDrawer */ = {
			isa = PBXGroup;
			children = (
				6041C5AA263158130000EA4B /* Service */,
				6041C5A82631579D0000EA4B /* ViewModel */,
				6041C5A7263157940000EA4B /* View */,
				6041C5982631505F0000EA4B /* Configuration */,
				6041C58F263146C00000EA4B /* Component */,
				6041C5862631462F0000EA4B /* Model */,
			);
			path = FirebaseDemoWithDrawer;
			sourceTree = "<group>";
		};
		6041C5862631462F0000EA4B /* Model */ = {
			isa = PBXGroup;
			children = (
				6041C58B263146420000EA4B /* User.swift */,
				60ED94B8263298EA0089F4D3 /* User1.swift */,
			);
			path = Model;
			sourceTree = "<group>";
		};
		6041C58F263146C00000EA4B /* Component */ = {
			isa = PBXGroup;
			children = (
				6041C590263146DF0000EA4B /* CustomModifier.swift */,
				6041C59426314BBB0000EA4B /* CustomTextFeild.swift */,
			);
			path = Component;
			sourceTree = "<group>";
		};
		6041C5982631505F0000EA4B /* Configuration */ = {
			isa = PBXGroup;
			children = (
				6041C5992631507C0000EA4B /* UIConfiguration.swift */,
				6041C59F263153880000EA4B /* UIColorEx.swift */,
				6041C5A3263156F70000EA4B /* AppState.swift */,
			);
			path = Configuration;
			sourceTree = "<group>";
		};
		6041C5A7263157940000EA4B /* View */ = {
			isa = PBXGroup;
			children = (
				60D749FA26453DC70092BA01 /* BarCodeScan */,
				60D749F326453A230092BA01 /* Make a Phone call */,
				60D749CF264510E20092BA01 /* QRCOde */,
				605E59F82642AEA60071B2A3 /* CustumizedStyle */,
				6070A375263C062600D75410 /* iExpense */,
				6070A356263BD5F100D75410 /* Animation */,
				606E1E0226397B4B00B05CCC /* LocationSearch */,
				606E1DFB2639634600B05CCC /* RouteMapView */,
				6085863C2638446400F2A53A /* CustomMapView */,
				60ED956D2632F8350089F4D3 /* EyeBlinkView.swift */,
				601501822633DFDC00DAC3C4 /* images-2.jpeg */,
				601501862633DFE600DAC3C4 /* Eye1.png */,
				6015018A2633E41B00DAC3C4 /* images-3.jpeg */,
				6041C5C5263170350000EA4B /* WelcomeView.swift */,
				6041C5C126316F720000EA4B /* SlpashView.swift */,
				6041C6D12631767F0000EA4B /* SignUPView.swift */,
				6041C6D7263180750000EA4B /* DrawerContent.swift */,
				6041C6DB263182000000EA4B /* HomeView.swift */,
				6041C6DF263184DD0000EA4B /* SignInView.swift */,
				60ED94C026329C870089F4D3 /* UserView.swift */,
				6015018E2633E65300DAC3C4 /* AnimateImageView.swift */,
				601501922633EA8E00DAC3C4 /* AnimatingImageDemoView.swift */,
				601501962633F0C300DAC3C4 /* CustomScrollView.swift */,
				6015019A263406E000DAC3C4 /* TestWrappedLayout.swift */,
				6065650B2636852A007E3DBE /* DragandDropLLoadView.swift */,
				6065650F26369923007E3DBE /* ListScrollView.swift */,
				606565132636A358007E3DBE /* OwnWindowView.swift */,
				606565172636A918007E3DBE /* DragdropReOrtextview.swift */,
				6065651C2636B8FE007E3DBE /* ReapetingAnimationView.swift */,
				606565222636BE93007E3DBE /* StopAnimatingView.swift */,
				606565262636C3C2007E3DBE /* TestAnimationDeactivate.swift */,
				6065652A2636C843007E3DBE /* CustomPickerview.swift */,
				6065652E2636D90B007E3DBE /* WebWithScrollView.swift */,
				608586122637DE7E00F2A53A /* MapKitdemo.swift */,
				608586162637DEE500F2A53A /* MapPin.swift */,
				608586202637E1DE00F2A53A /* MapViewDemo.swift */,
				608586242637F91700F2A53A /* MapviewTapView.swift */,
			);
			path = View;
			sourceTree = "<group>";
		};
		6041C5A82631579D0000EA4B /* ViewModel */ = {
			isa = PBXGroup;
			children = (
				6041C5B52631602C0000EA4B /* SatusViewModel.swift */,
				6041C5B9263167D40000EA4B /* SignUpviewModel.swift */,
				6041C5BD263167ED0000EA4B /* SignInViewModel.swift */,
				60ED94BC263299460089F4D3 /* UserViewModel.swift */,
			);
			path = ViewModel;
			sourceTree = "<group>";
		};
		6041C5AA263158130000EA4B /* Service */ = {
			isa = PBXGroup;
			children = (
				6041C5AB263158310000EA4B /* AuthApi.swift */,
				6041C5B126315A230000EA4B /* AuthService.swift */,
			);
			path = Service;
			sourceTree = "<group>";
		};
		6050ED5A262FF7E40003FE27 /* AlmaFireDemo */ = {
			isa = PBXGroup;
			children = (
				6050ED6E263004880003FE27 /* ViewModel */,
				6050ED6D2630047D0003FE27 /* view */,
				6050ED5F262FF89C0003FE27 /* Network */,
				6050ED5E262FF8910003FE27 /* Model */,
			);
			path = AlmaFireDemo;
			sourceTree = "<group>";
		};
		6050ED5E262FF8910003FE27 /* Model */ = {
			isa = PBXGroup;
			children = (
				6050ED5B262FF8130003FE27 /* CardModel.swift */,
				6050EE4526300DCD0003FE27 /* RxswiftApiDemoModel.xcdatamodeld */,
			);
			path = Model;
			sourceTree = "<group>";
		};
		6050ED5F262FF89C0003FE27 /* Network */ = {
			isa = PBXGroup;
			children = (
				6050ED60262FF8B90003FE27 /* NetworkManager.swift */,
				6050ED64262FFA490003FE27 /* NetworkService.swift */,
			);
			path = Network;
			sourceTree = "<group>";
		};
		6050ED6D2630047D0003FE27 /* view */ = {
			isa = PBXGroup;
			children = (
				6050ED672630029D0003FE27 /* CardView.swift */,
			);
			path = view;
			sourceTree = "<group>";
		};
		6050ED6E263004880003FE27 /* ViewModel */ = {
			isa = PBXGroup;
			children = (
				6050ED6F263004A30003FE27 /* CardViewModel.swift */,
			);
			path = ViewModel;
			sourceTree = "<group>";
		};
		6050EE6A263024F20003FE27 /* FirebaseWithMVVM */ = {
			isa = PBXGroup;
			children = (
				6050EEB92630523C0003FE27 /* GoogleService-Info.plist */,
				6050EE90263027A80003FE27 /* View */,
				6050EE8F263027940003FE27 /* ViewModel */,
				6050EE89263025D70003FE27 /* Model */,
			);
			path = FirebaseWithMVVM;
			sourceTree = "<group>";
		};
		6050EE89263025D70003FE27 /* Model */ = {
			isa = PBXGroup;
			children = (
				6050EE8B263025F30003FE27 /* Book.swift */,
			);
			path = Model;
			sourceTree = "<group>";
		};
		6050EE8F263027940003FE27 /* ViewModel */ = {
			isa = PBXGroup;
			children = (
				6050EE91263027C70003FE27 /* BookViewModel.swift */,
				6050EE94263027F00003FE27 /* BooksViewModel.swift */,
			);
			path = ViewModel;
			sourceTree = "<group>";
		};
		6050EE90263027A80003FE27 /* View */ = {
			isa = PBXGroup;
			children = (
				6050EE98263035120003FE27 /* BookEditView.swift */,
				6050EE9B2630352A0003FE27 /* BookDetailView.swift */,
				6050EE9E2630353C0003FE27 /* BookListView.swift */,
			);
			path = View;
			sourceTree = "<group>";
		};
		6050EEA226303F790003FE27 /* CommonFile */ = {
			isa = PBXGroup;
			children = (
				60783E04262EB01100204C88 /* AppDelegate.swift */,
				60783E06262EB01100204C88 /* SceneDelegate.swift */,
				60783E08262EB01100204C88 /* ContentView.swift */,
			);
			path = CommonFile;
			sourceTree = "<group>";
		};
		6050EEA326303FA70003FE27 /* RxDEmo */ = {
			isa = PBXGroup;
			children = (
				60783E21262EB08300204C88 /* RxLoaderView.swift */,
				60783E25262EB45D00204C88 /* RxButton.swift */,
				60783E28262EB64900204C88 /* RXAlamafireApi.swift */,
				60783E33262ED02F00204C88 /* SwiftUIApiCallingView.swift */,
			);
			path = RxDEmo;
			sourceTree = "<group>";
		};
		6050EEAE2630402F0003FE27 /* RxswiftApiDemoTests */ = {
			isa = PBXGroup;
			children = (
				6050EEAF2630402F0003FE27 /* RxswiftApiDemoTests.swift */,
				6050EEB12630402F0003FE27 /* Info.plist */,
			);
			path = RxswiftApiDemoTests;
			sourceTree = "<group>";
		};
		605E59F82642AEA60071B2A3 /* CustumizedStyle */ = {
			isa = PBXGroup;
			children = (
				605E59F92642AED60071B2A3 /* CustomizedButtonview.swift */,
				605E59FF2642B35F0071B2A3 /* CustomizedProgressView.swift */,
				605E5A032642BBA00071B2A3 /* CustumizedToggleView.swift */,
				605E5A092642C1270071B2A3 /* CustomizedPathView.swift */,
				605E5A0D2642C44F0071B2A3 /* CustomizsedShapeView.swift */,
				60AC83D72644214800558965 /* CustomizedIndicatorView.swift */,
			);
			path = CustumizedStyle;
			sourceTree = "<group>";
		};
		606E1DFB2639634600B05CCC /* RouteMapView */ = {
			isa = PBXGroup;
			children = (
				606E1DFC2639637700B05CCC /* RouteMapView.swift */,
			);
			path = RouteMapView;
			sourceTree = "<group>";
		};
		606E1E0226397B4B00B05CCC /* LocationSearch */ = {
			isa = PBXGroup;
			children = (
				606E1E0326397B6800B05CCC /* LocationSearchView.swift */,
				606E1E0926397BA000B05CCC /* LocationService.swift */,
			);
			path = LocationSearch;
			sourceTree = "<group>";
		};
		6070A356263BD5F100D75410 /* Animation */ = {
			isa = PBXGroup;
			children = (
				6070A357263BD67600D75410 /* AnimationDemo.swift */,
				6070A35D263BDE9F00D75410 /* AnimateBandingView.swift */,
				6070A365263BE65000D75410 /* ControllingAnimationstackView.swift */,
				6070A369263BF16100D75410 /* AnimatedGestureView.swift */,
				6070A361263BE39400D75410 /* ExplicitAnimattion.swift */,
				6070A36D263BFFDB00D75410 /* ShowHideTransView.swift */,
				6070A371263C020E00D75410 /* CustomTransitionView.swift */,
				60D74A08264562730092BA01 /* ImplicitAnimationView.swift */,
				60D74A0C264565000092BA01 /* AnimationExpliitView.swift */,
				60D74A102645693A0092BA01 /* ClockShapeAniView.swift */,
			);
			path = Animation;
			sourceTree = "<group>";
		};
		6070A375263C062600D75410 /* iExpense */ = {
			isa = PBXGroup;
			children = (
				6070A376263C065100D75410 /* UserView1.swift */,
				6070A37E263C142000D75410 /* FlipCardView.swift */,
				60A11674263FBFB000426545 /* PickerView.swift */,
				60A11678263FCC3D00426545 /* DropdownPicker.swift */,
				60A1167C263FDF2600426545 /* PickerWithFrom.swift */,
				60A11680263FE1FF00426545 /* MultpleAlertView.swift */,
				6012CD64263FF33F009A254E /* ShowFilterImageView.swift */,
				6012CD6A263FFC3C009A254E /* ImagePicker.swift */,
				60C6E65D264131C700077CBD /* ImageSaver.swift */,
			);
			path = iExpense;
			sourceTree = "<group>";
		};
		60783DF8262EB01100204C88 = {
			isa = PBXGroup;
			children = (
				60783E03262EB01100204C88 /* RxswiftApiDemo */,
				6050EEAE2630402F0003FE27 /* RxswiftApiDemoTests */,
				60783E02262EB01100204C88 /* Products */,
				EFC9F269834C9D31782C4561 /* Pods */,
				E2B9019E580893B03A8A921E /* Frameworks */,
			);
			sourceTree = "<group>";
		};
		60783E02262EB01100204C88 /* Products */ = {
			isa = PBXGroup;
			children = (
				60783E01262EB01100204C88 /* RxswiftApiDemo.app */,
				6050EEAD2630402F0003FE27 /* RxswiftApiDemoTests.xctest */,
			);
			name = Products;
			sourceTree = "<group>";
		};
		60783E03262EB01100204C88 /* RxswiftApiDemo */ = {
			isa = PBXGroup;
			children = (
				60ED954B2632BE020089F4D3 /* DogDemo */,
				6041C563263145960000EA4B /* FirebaseDemoWithDrawer */,
				6050EEA326303FA70003FE27 /* RxDEmo */,
				6050EEA226303F790003FE27 /* CommonFile */,
				6050EE6A263024F20003FE27 /* FirebaseWithMVVM */,
				6050ED5A262FF7E40003FE27 /* AlmaFireDemo */,
				60783E39262EE1D500204C88 /* RandomDogsSelection */,
				60783E0A262EB01200204C88 /* Assets.xcassets */,
				60783E0F262EB01200204C88 /* LaunchScreen.storyboard */,
				60783E12262EB01200204C88 /* Info.plist */,
				60783E0C262EB01200204C88 /* Preview Content */,
			);
			path = RxswiftApiDemo;
			sourceTree = "<group>";
		};
		60783E0C262EB01200204C88 /* Preview Content */ = {
			isa = PBXGroup;
			children = (
				60783E0D262EB01200204C88 /* Preview Assets.xcassets */,
			);
			path = "Preview Content";
			sourceTree = "<group>";
		};
		60783E39262EE1D500204C88 /* RandomDogsSelection */ = {
			isa = PBXGroup;
			children = (
				60783E4C262EF4D600204C88 /* View */,
				60783E47262EE8BF00204C88 /* ViewModel */,
				60783E3F262EE3E100204C88 /* resourse */,
				60783E3A262EE24800204C88 /* Model */,
			);
			path = RandomDogsSelection;
			sourceTree = "<group>";
		};
		60783E3A262EE24800204C88 /* Model */ = {
			isa = PBXGroup;
			children = (
				60783E3B262EE26300204C88 /* WoofResponse.swift */,
			);
			path = Model;
			sourceTree = "<group>";
		};
		60783E3F262EE3E100204C88 /* resourse */ = {
			isa = PBXGroup;
			children = (
				60783E40262EE3FF00204C88 /* LoginHandler.swift */,
				60783E44262EE43A00204C88 /* APIHandler.swift */,
			);
			path = resourse;
			sourceTree = "<group>";
		};
		60783E47262EE8BF00204C88 /* ViewModel */ = {
			isa = PBXGroup;
			children = (
				60783E48262EE8DB00204C88 /* LoginViewModel.swift */,
			);
			path = ViewModel;
			sourceTree = "<group>";
		};
		60783E4C262EF4D600204C88 /* View */ = {
			isa = PBXGroup;
			children = (
				60783E57262F01E700204C88 /* DogView.swift */,
				60783F17262F0F5F00204C88 /* LoadingView.swift */,
				60783F18262F0F5F00204C88 /* LoginView.swift */,
				60783F1F262F0F7300204C88 /* ActivityLoaderView.swift */,
				6050ED06262FED450003FE27 /* TextfeildViewNew.swift */,
			);
			path = View;
			sourceTree = "<group>";
		};
		6085863C2638446400F2A53A /* CustomMapView */ = {
			isa = PBXGroup;
			children = (
				60858628263807F900F2A53A /* MapNewView.swift */,
				6085862C2638142A00F2A53A /* MapShowView.swift */,
				608586302638364600F2A53A /* MKAnnotation.swift */,
				608586342638378000F2A53A /* EditMapView.swift */,
				6085863826383E3800F2A53A /* Result.swift */,
				606E1DF5263936F900B05CCC /* MKPointAnnotation-Codable.swift */,
				6012CD5A263FEB96009A254E /* MultipleAnnotationView.swift */,
			);
			path = CustomMapView;
			sourceTree = "<group>";
		};
		60D749CF264510E20092BA01 /* QRCOde */ = {
			isa = PBXGroup;
			children = (
				60D749D22645110A0092BA01 /* QRCodeScanView.swift */,
				60D749DD264513D80092BA01 /* ScannerViewModel.swift */,
				60D749E126451C830092BA01 /* QrCodeCameraDelegate.swift */,
				60D749E5264521F40092BA01 /* CameraPreview.swift */,
				60D749EF264526F10092BA01 /* QrCodeScannerView.swift */,
				60D74A0426455B720092BA01 /* QRCodeWith4CornerView.swift */,
			);
			path = QRCOde;
			sourceTree = "<group>";
		};
		60D749F326453A230092BA01 /* Make a Phone call */ = {
			isa = PBXGroup;
			children = (
				60D749F426453A570092BA01 /* MakeACallView.swift */,
			);
			path = "Make a Phone call";
			sourceTree = "<group>";
		};
		60D749FA26453DC70092BA01 /* BarCodeScan */ = {
			isa = PBXGroup;
			children = (
				60D749FB26453DE40092BA01 /* BarCodeScanView.swift */,
			);
			path = BarCodeScan;
			sourceTree = "<group>";
		};
		60ED954B2632BE020089F4D3 /* DogDemo */ = {
			isa = PBXGroup;
			children = (
				60ED95582632BE4E0089F4D3 /* View */,
				60ED95512632BE2E0089F4D3 /* ViewModel */,
				60ED95502632BE220089F4D3 /* Model */,
			);
			path = DogDemo;
			sourceTree = "<group>";
		};
		60ED95502632BE220089F4D3 /* Model */ = {
			isa = PBXGroup;
			children = (
				60ED954C2632BE1D0089F4D3 /* Model.swift */,
			);
			path = Model;
			sourceTree = "<group>";
		};
		60ED95512632BE2E0089F4D3 /* ViewModel */ = {
			isa = PBXGroup;
			children = (
				60ED95522632BE480089F4D3 /* DogViewModel.swift */,
			);
			path = ViewModel;
			sourceTree = "<group>";
		};
		60ED95582632BE4E0089F4D3 /* View */ = {
			isa = PBXGroup;
			children = (
				60ED95592632BE650089F4D3 /* DogList.swift */,
				60ED95612632BF020089F4D3 /* IMGStorageClass.swift */,
				60ED95672632CB320089F4D3 /* 1.png */,
				60ED955D2632BEAA0089F4D3 /* 4.png */,
				60ED95712632FC3A0089F4D3 /* Unknown */,
				60ED95722632FC3A0089F4D3 /* Unknown-2 */,
			);
			path = View;
			sourceTree = "<group>";
		};
		E2B9019E580893B03A8A921E /* Frameworks */ = {
			isa = PBXGroup;
			children = (
				61A99CF99208707D964F73E1 /* Pods_RxswiftApiDemo.framework */,
			);
			name = Frameworks;
			sourceTree = "<group>";
		};
		EFC9F269834C9D31782C4561 /* Pods */ = {
			isa = PBXGroup;
			children = (
				40D4C739D8DB227346077A8D /* Pods-RxswiftApiDemo.debug.xcconfig */,
				58C6F77F65FF60B040245346 /* Pods-RxswiftApiDemo.release.xcconfig */,
			);
			path = Pods;
			sourceTree = "<group>";
		};
/* End PBXGroup section */

/* Begin PBXNativeTarget section */
		6050EEAC2630402F0003FE27 /* RxswiftApiDemoTests */ = {
			isa = PBXNativeTarget;
			buildConfigurationList = 6050EEB42630402F0003FE27 /* Build configuration list for PBXNativeTarget "RxswiftApiDemoTests" */;
			buildPhases = (
				6050EEA92630402F0003FE27 /* Sources */,
				6050EEAA2630402F0003FE27 /* Frameworks */,
				6050EEAB2630402F0003FE27 /* Resources */,
			);
			buildRules = (
			);
			dependencies = (
				6050EEB32630402F0003FE27 /* PBXTargetDependency */,
			);
			name = RxswiftApiDemoTests;
			productName = RxswiftApiDemoTests;
			productReference = 6050EEAD2630402F0003FE27 /* RxswiftApiDemoTests.xctest */;
			productType = "com.apple.product-type.bundle.unit-test";
		};
		60783E00262EB01100204C88 /* RxswiftApiDemo */ = {
			isa = PBXNativeTarget;
			buildConfigurationList = 60783E15262EB01200204C88 /* Build configuration list for PBXNativeTarget "RxswiftApiDemo" */;
			buildPhases = (
				7A272E02903FBA723E270EE9 /* [CP] Check Pods Manifest.lock */,
				60783DFD262EB01100204C88 /* Sources */,
				60783DFE262EB01100204C88 /* Frameworks */,
				60783DFF262EB01100204C88 /* Resources */,
				EDCB220FA3CB18C53D91155C /* [CP] Embed Pods Frameworks */,
			);
			buildRules = (
			);
			dependencies = (
			);
			name = RxswiftApiDemo;
			packageProductDependencies = (
				6050ED53262FF6D30003FE27 /* SwiftyJSON */,
				6050ED57262FF6F90003FE27 /* SDWebImageSwiftUI */,
				6050EE4B263021B70003FE27 /* ObjectMapper */,
				60D749D9264511380092BA01 /* CodeScanner */,
			);
			productName = RxswiftApiDemo;
			productReference = 60783E01262EB01100204C88 /* RxswiftApiDemo.app */;
			productType = "com.apple.product-type.application";
		};
/* End PBXNativeTarget section */

/* Begin PBXProject section */
		60783DF9262EB01100204C88 /* Project object */ = {
			isa = PBXProject;
			attributes = {
				LastSwiftUpdateCheck = 1210;
				LastUpgradeCheck = 1210;
				TargetAttributes = {
					6050EEAC2630402F0003FE27 = {
						CreatedOnToolsVersion = 12.1;
						TestTargetID = 60783E00262EB01100204C88;
					};
					60783E00262EB01100204C88 = {
						CreatedOnToolsVersion = 12.1;
					};
				};
			};
			buildConfigurationList = 60783DFC262EB01100204C88 /* Build configuration list for PBXProject "RxswiftApiDemo" */;
			compatibilityVersion = "Xcode 9.3";
			developmentRegion = en;
			hasScannedForEncodings = 0;
			knownRegions = (
				en,
				Base,
			);
			mainGroup = 60783DF8262EB01100204C88;
			packageReferences = (
				6050ED52262FF6D30003FE27 /* XCRemoteSwiftPackageReference "SwiftyJSON" */,
				6050ED56262FF6F90003FE27 /* XCRemoteSwiftPackageReference "SDWebImageSwiftUI" */,
				6050EE4A263021B70003FE27 /* XCRemoteSwiftPackageReference "ObjectMapper" */,
				60D749D8264511380092BA01 /* XCRemoteSwiftPackageReference "CodeScanner" */,
			);
			productRefGroup = 60783E02262EB01100204C88 /* Products */;
			projectDirPath = "";
			projectRoot = "";
			targets = (
				60783E00262EB01100204C88 /* RxswiftApiDemo */,
				6050EEAC2630402F0003FE27 /* RxswiftApiDemoTests */,
			);
		};
/* End PBXProject section */

/* Begin PBXResourcesBuildPhase section */
		6050EEAB2630402F0003FE27 /* Resources */ = {
			isa = PBXResourcesBuildPhase;
			buildActionMask = 2147483647;
			files = (
			);
			runOnlyForDeploymentPostprocessing = 0;
		};
		60783DFF262EB01100204C88 /* Resources */ = {
			isa = PBXResourcesBuildPhase;
			buildActionMask = 2147483647;
			files = (
				60ED95742632FC3A0089F4D3 /* Unknown-2 in Resources */,
				601501832633DFDC00DAC3C4 /* images-2.jpeg in Resources */,
				60ED95682632CB320089F4D3 /* 1.png in Resources */,
				60783E11262EB01200204C88 /* LaunchScreen.storyboard in Resources */,
				60783E0E262EB01200204C88 /* Preview Assets.xcassets in Resources */,
				6015018B2633E41B00DAC3C4 /* images-3.jpeg in Resources */,
				60783E0B262EB01200204C88 /* Assets.xcassets in Resources */,
				60ED955E2632BEAA0089F4D3 /* 4.png in Resources */,
				601501872633DFE600DAC3C4 /* Eye1.png in Resources */,
				6050EEBA2630523C0003FE27 /* GoogleService-Info.plist in Resources */,
				60ED95732632FC3A0089F4D3 /* Unknown in Resources */,
			);
			runOnlyForDeploymentPostprocessing = 0;
		};
/* End PBXResourcesBuildPhase section */

/* Begin PBXShellScriptBuildPhase section */
		7A272E02903FBA723E270EE9 /* [CP] Check Pods Manifest.lock */ = {
			isa = PBXShellScriptBuildPhase;
			buildActionMask = 2147483647;
			files = (
			);
			inputFileListPaths = (
			);
			inputPaths = (
				"${PODS_PODFILE_DIR_PATH}/Podfile.lock",
				"${PODS_ROOT}/Manifest.lock",
			);
			name = "[CP] Check Pods Manifest.lock";
			outputFileListPaths = (
			);
			outputPaths = (
				"$(DERIVED_FILE_DIR)/Pods-RxswiftApiDemo-checkManifestLockResult.txt",
			);
			runOnlyForDeploymentPostprocessing = 0;
			shellPath = /bin/sh;
			shellScript = "diff \"${PODS_PODFILE_DIR_PATH}/Podfile.lock\" \"${PODS_ROOT}/Manifest.lock\" > /dev/null\nif [ $? != 0 ] ; then\n    # print error to STDERR\n    echo \"error: The sandbox is not in sync with the Podfile.lock. Run 'pod install' or update your CocoaPods installation.\" >&2\n    exit 1\nfi\n# This output is used by Xcode 'outputs' to avoid re-running this script phase.\necho \"SUCCESS\" > \"${SCRIPT_OUTPUT_FILE_0}\"\n";
			showEnvVarsInLog = 0;
		};
		EDCB220FA3CB18C53D91155C /* [CP] Embed Pods Frameworks */ = {
			isa = PBXShellScriptBuildPhase;
			buildActionMask = 2147483647;
			files = (
			);
			inputFileListPaths = (
				"${PODS_ROOT}/Target Support Files/Pods-RxswiftApiDemo/Pods-RxswiftApiDemo-frameworks-${CONFIGURATION}-input-files.xcfilelist",
			);
			name = "[CP] Embed Pods Frameworks";
			outputFileListPaths = (
				"${PODS_ROOT}/Target Support Files/Pods-RxswiftApiDemo/Pods-RxswiftApiDemo-frameworks-${CONFIGURATION}-output-files.xcfilelist",
			);
			runOnlyForDeploymentPostprocessing = 0;
			shellPath = /bin/sh;
			shellScript = "\"${PODS_ROOT}/Target Support Files/Pods-RxswiftApiDemo/Pods-RxswiftApiDemo-frameworks.sh\"\n";
			showEnvVarsInLog = 0;
		};
/* End PBXShellScriptBuildPhase section */

/* Begin PBXSourcesBuildPhase section */
		6050EEA92630402F0003FE27 /* Sources */ = {
			isa = PBXSourcesBuildPhase;
			buildActionMask = 2147483647;
			files = (
				6050EEB02630402F0003FE27 /* RxswiftApiDemoTests.swift in Sources */,
			);
			runOnlyForDeploymentPostprocessing = 0;
		};
		60783DFD262EB01100204C88 /* Sources */ = {
			isa = PBXSourcesBuildPhase;
			buildActionMask = 2147483647;
			files = (
				601501932633EA8E00DAC3C4 /* AnimatingImageDemoView.swift in Sources */,
				606565182636A918007E3DBE /* DragdropReOrtextview.swift in Sources */,
				606565142636A358007E3DBE /* OwnWindowView.swift in Sources */,
				6070A36E263BFFDC00D75410 /* ShowHideTransView.swift in Sources */,
				60A11679263FCC3D00426545 /* DropdownPicker.swift in Sources */,
				6070A362263BE39400D75410 /* ExplicitAnimattion.swift in Sources */,
				60ED94B9263298EA0089F4D3 /* User1.swift in Sources */,
				6012CD6B263FFC3C009A254E /* ImagePicker.swift in Sources */,
				608586132637DE7E00F2A53A /* MapKitdemo.swift in Sources */,
				6041C5AC263158310000EA4B /* AuthApi.swift in Sources */,
				6012CD65263FF33F009A254E /* ShowFilterImageView.swift in Sources */,
				6085863926383E3800F2A53A /* Result.swift in Sources */,
				6041C59526314BBB0000EA4B /* CustomTextFeild.swift in Sources */,
				6012CD5B263FEB96009A254E /* MultipleAnnotationView.swift in Sources */,
				6070A36A263BF16100D75410 /* AnimatedGestureView.swift in Sources */,
				6050ED70263004A30003FE27 /* CardViewModel.swift in Sources */,
				608586172637DEE500F2A53A /* MapPin.swift in Sources */,
				6041C5B226315A230000EA4B /* AuthService.swift in Sources */,
				6050ED61262FF8B90003FE27 /* NetworkManager.swift in Sources */,
				6050EE99263035120003FE27 /* BookEditView.swift in Sources */,
				60783E41262EE3FF00204C88 /* LoginHandler.swift in Sources */,
				60D749E6264521F40092BA01 /* CameraPreview.swift in Sources */,
				60783E58262F01E700204C88 /* DogView.swift in Sources */,
				6041C5BA263167D40000EA4B /* SignUpviewModel.swift in Sources */,
				6041C59A2631507C0000EA4B /* UIConfiguration.swift in Sources */,
				60783F20262F0F7300204C88 /* ActivityLoaderView.swift in Sources */,
				6070A37F263C142000D75410 /* FlipCardView.swift in Sources */,
				60783E05262EB01100204C88 /* AppDelegate.swift in Sources */,
				60AC83D82644214800558965 /* CustomizedIndicatorView.swift in Sources */,
				60783E49262EE8DB00204C88 /* LoginViewModel.swift in Sources */,
				60ED954D2632BE1D0089F4D3 /* Model.swift in Sources */,
				6041C58C263146420000EA4B /* User.swift in Sources */,
				60D749F526453A570092BA01 /* MakeACallView.swift in Sources */,
				60A11681263FE1FF00426545 /* MultpleAlertView.swift in Sources */,
				6050ED5C262FF8130003FE27 /* CardModel.swift in Sources */,
				6050EE8C263025F30003FE27 /* Book.swift in Sources */,
				6041C591263146DF0000EA4B /* CustomModifier.swift in Sources */,
				606E1E0426397B6800B05CCC /* LocationSearchView.swift in Sources */,
				6065652F2636D90B007E3DBE /* WebWithScrollView.swift in Sources */,
				6070A35E263BDE9F00D75410 /* AnimateBandingView.swift in Sources */,
				6041C5C226316F720000EA4B /* SlpashView.swift in Sources */,
				60ED94C126329C870089F4D3 /* UserView.swift in Sources */,
				60ED94BD263299460089F4D3 /* UserViewModel.swift in Sources */,
				6041C6DC263182000000EA4B /* HomeView.swift in Sources */,
				6041C5BE263167ED0000EA4B /* SignInViewModel.swift in Sources */,
				60ED95622632BF020089F4D3 /* IMGStorageClass.swift in Sources */,
				6050ED682630029D0003FE27 /* CardView.swift in Sources */,
				60783E26262EB45D00204C88 /* RxButton.swift in Sources */,
				60D74A0526455B720092BA01 /* QRCodeWith4CornerView.swift in Sources */,
				6070A366263BE65000D75410 /* ControllingAnimationstackView.swift in Sources */,
				6070A358263BD67600D75410 /* AnimationDemo.swift in Sources */,
				60ED955A2632BE650089F4D3 /* DogList.swift in Sources */,
				60783E34262ED02F00204C88 /* SwiftUIApiCallingView.swift in Sources */,
				60D749D32645110A0092BA01 /* QRCodeScanView.swift in Sources */,
				605E5A042642BBA00071B2A3 /* CustumizedToggleView.swift in Sources */,
				605E5A0E2642C44F0071B2A3 /* CustomizsedShapeView.swift in Sources */,
				605E5A0A2642C1270071B2A3 /* CustomizedPathView.swift in Sources */,
				601501972633F0C300DAC3C4 /* CustomScrollView.swift in Sources */,
				60D749DE264513D80092BA01 /* ScannerViewModel.swift in Sources */,
				60ED95532632BE480089F4D3 /* DogViewModel.swift in Sources */,
				60D74A09264562730092BA01 /* ImplicitAnimationView.swift in Sources */,
				6041C6D8263180750000EA4B /* DrawerContent.swift in Sources */,
				6050EE4726300DCD0003FE27 /* RxswiftApiDemoModel.xcdatamodeld in Sources */,
				60783E22262EB08300204C88 /* RxLoaderView.swift in Sources */,
				6050ED65262FFA490003FE27 /* NetworkService.swift in Sources */,
				60783E29262EB64900204C88 /* RXAlamafireApi.swift in Sources */,
				6041C5A0263153880000EA4B /* UIColorEx.swift in Sources */,
				606565232636BE93007E3DBE /* StopAnimatingView.swift in Sources */,
				6065650C2636852A007E3DBE /* DragandDropLLoadView.swift in Sources */,
				60783F1A262F0F5F00204C88 /* LoginView.swift in Sources */,
				60A1167D263FDF2600426545 /* PickerWithFrom.swift in Sources */,
				6065651026369923007E3DBE /* ListScrollView.swift in Sources */,
				6041C6D22631767F0000EA4B /* SignUPView.swift in Sources */,
				6041C5B62631602C0000EA4B /* SatusViewModel.swift in Sources */,
				6041C5A4263156F70000EA4B /* AppState.swift in Sources */,
				60D749FC26453DE40092BA01 /* BarCodeScanView.swift in Sources */,
				6015018F2633E65300DAC3C4 /* AnimateImageView.swift in Sources */,
				60783E07262EB01100204C88 /* SceneDelegate.swift in Sources */,
				606E1E0A26397BA000B05CCC /* LocationService.swift in Sources */,
				6070A377263C065100D75410 /* UserView1.swift in Sources */,
				6041C5C6263170350000EA4B /* WelcomeView.swift in Sources */,
				606565272636C3C2007E3DBE /* TestAnimationDeactivate.swift in Sources */,
				6050EE9F2630353C0003FE27 /* BookListView.swift in Sources */,
				6050EE9C2630352A0003FE27 /* BookDetailView.swift in Sources */,
				60D749F0264526F10092BA01 /* QrCodeScannerView.swift in Sources */,
				6041C6E0263184DD0000EA4B /* SignInView.swift in Sources */,
				6015019B263406E000DAC3C4 /* TestWrappedLayout.swift in Sources */,
				608586312638364600F2A53A /* MKAnnotation.swift in Sources */,
				605E5A002642B35F0071B2A3 /* CustomizedProgressView.swift in Sources */,
				6050ED07262FED450003FE27 /* TextfeildViewNew.swift in Sources */,
				6065652B2636C843007E3DBE /* CustomPickerview.swift in Sources */,
				60A11675263FBFB000426545 /* PickerView.swift in Sources */,
				605E59FA2642AED60071B2A3 /* CustomizedButtonview.swift in Sources */,
				60C6E65E264131C700077CBD /* ImageSaver.swift in Sources */,
				6050EE92263027C70003FE27 /* BookViewModel.swift in Sources */,
				60D74A0D264565010092BA01 /* AnimationExpliitView.swift in Sources */,
				6050EE95263027F00003FE27 /* BooksViewModel.swift in Sources */,
				60783E45262EE43A00204C88 /* APIHandler.swift in Sources */,
				60783E09262EB01100204C88 /* ContentView.swift in Sources */,
				608586252637F91700F2A53A /* MapviewTapView.swift in Sources */,
				60D749E226451C830092BA01 /* QrCodeCameraDelegate.swift in Sources */,
				60783F19262F0F5F00204C88 /* LoadingView.swift in Sources */,
				6070A372263C020E00D75410 /* CustomTransitionView.swift in Sources */,
				60D74A112645693A0092BA01 /* ClockShapeAniView.swift in Sources */,
				608586352638378000F2A53A /* EditMapView.swift in Sources */,
				6065651D2636B8FE007E3DBE /* ReapetingAnimationView.swift in Sources */,
				606E1DF6263936F900B05CCC /* MKPointAnnotation-Codable.swift in Sources */,
				60ED956E2632F8350089F4D3 /* EyeBlinkView.swift in Sources */,
				606E1DFD2639637700B05CCC /* RouteMapView.swift in Sources */,
				608586212637E1DE00F2A53A /* MapViewDemo.swift in Sources */,
				60858629263807F900F2A53A /* MapNewView.swift in Sources */,
				6085862D2638142A00F2A53A /* MapShowView.swift in Sources */,
				60783E3C262EE26300204C88 /* WoofResponse.swift in Sources */,
			);
			runOnlyForDeploymentPostprocessing = 0;
		};
/* End PBXSourcesBuildPhase section */

/* Begin PBXTargetDependency section */
		6050EEB32630402F0003FE27 /* PBXTargetDependency */ = {
			isa = PBXTargetDependency;
			target = 60783E00262EB01100204C88 /* RxswiftApiDemo */;
			targetProxy = 6050EEB22630402F0003FE27 /* PBXContainerItemProxy */;
		};
/* End PBXTargetDependency section */

/* Begin PBXVariantGroup section */
		60783E0F262EB01200204C88 /* LaunchScreen.storyboard */ = {
			isa = PBXVariantGroup;
			children = (
				60783E10262EB01200204C88 /* Base */,
			);
			name = LaunchScreen.storyboard;
			sourceTree = "<group>";
		};
/* End PBXVariantGroup section */

/* Begin XCBuildConfiguration section */
		6050EEB52630402F0003FE27 /* Debug */ = {
			isa = XCBuildConfiguration;
			buildSettings = {
				BUNDLE_LOADER = "$(TEST_HOST)";
				CODE_SIGN_STYLE = Automatic;
				DEVELOPMENT_TEAM = DD73F8592Z;
				INFOPLIST_FILE = RxswiftApiDemoTests/Info.plist;
				LD_RUNPATH_SEARCH_PATHS = (
					"$(inherited)",
					"@executable_path/Frameworks",
					"@loader_path/Frameworks",
				);
				PRODUCT_BUNDLE_IDENTIFIER = knoxpo.RxswiftApiDemoTests;
				PRODUCT_NAME = "$(TARGET_NAME)";
				SWIFT_VERSION = 5.0;
				TARGETED_DEVICE_FAMILY = "1,2";
				TEST_HOST = "$(BUILT_PRODUCTS_DIR)/RxswiftApiDemo.app/RxswiftApiDemo";
			};
			name = Debug;
		};
		6050EEB62630402F0003FE27 /* Release */ = {
			isa = XCBuildConfiguration;
			buildSettings = {
				BUNDLE_LOADER = "$(TEST_HOST)";
				CODE_SIGN_STYLE = Automatic;
				DEVELOPMENT_TEAM = DD73F8592Z;
				INFOPLIST_FILE = RxswiftApiDemoTests/Info.plist;
				LD_RUNPATH_SEARCH_PATHS = (
					"$(inherited)",
					"@executable_path/Frameworks",
					"@loader_path/Frameworks",
				);
				PRODUCT_BUNDLE_IDENTIFIER = knoxpo.RxswiftApiDemoTests;
				PRODUCT_NAME = "$(TARGET_NAME)";
				SWIFT_VERSION = 5.0;
				TARGETED_DEVICE_FAMILY = "1,2";
				TEST_HOST = "$(BUILT_PRODUCTS_DIR)/RxswiftApiDemo.app/RxswiftApiDemo";
			};
			name = Release;
		};
		60783E13262EB01200204C88 /* Debug */ = {
			isa = XCBuildConfiguration;
			buildSettings = {
				ALWAYS_SEARCH_USER_PATHS = NO;
				CLANG_ANALYZER_NONNULL = YES;
				CLANG_ANALYZER_NUMBER_OBJECT_CONVERSION = YES_AGGRESSIVE;
				CLANG_CXX_LANGUAGE_STANDARD = "gnu++14";
				CLANG_CXX_LIBRARY = "libc++";
				CLANG_ENABLE_MODULES = YES;
				CLANG_ENABLE_OBJC_ARC = YES;
				CLANG_ENABLE_OBJC_WEAK = YES;
				CLANG_WARN_BLOCK_CAPTURE_AUTORELEASING = YES;
				CLANG_WARN_BOOL_CONVERSION = YES;
				CLANG_WARN_COMMA = YES;
				CLANG_WARN_CONSTANT_CONVERSION = YES;
				CLANG_WARN_DEPRECATED_OBJC_IMPLEMENTATIONS = YES;
				CLANG_WARN_DIRECT_OBJC_ISA_USAGE = YES_ERROR;
				CLANG_WARN_DOCUMENTATION_COMMENTS = YES;
				CLANG_WARN_EMPTY_BODY = YES;
				CLANG_WARN_ENUM_CONVERSION = YES;
				CLANG_WARN_INFINITE_RECURSION = YES;
				CLANG_WARN_INT_CONVERSION = YES;
				CLANG_WARN_NON_LITERAL_NULL_CONVERSION = YES;
				CLANG_WARN_OBJC_IMPLICIT_RETAIN_SELF = YES;
				CLANG_WARN_OBJC_LITERAL_CONVERSION = YES;
				CLANG_WARN_OBJC_ROOT_CLASS = YES_ERROR;
				CLANG_WARN_QUOTED_INCLUDE_IN_FRAMEWORK_HEADER = YES;
				CLANG_WARN_RANGE_LOOP_ANALYSIS = YES;
				CLANG_WARN_STRICT_PROTOTYPES = YES;
				CLANG_WARN_SUSPICIOUS_MOVE = YES;
				CLANG_WARN_UNGUARDED_AVAILABILITY = YES_AGGRESSIVE;
				CLANG_WARN_UNREACHABLE_CODE = YES;
				CLANG_WARN__DUPLICATE_METHOD_MATCH = YES;
				COPY_PHASE_STRIP = NO;
				DEBUG_INFORMATION_FORMAT = dwarf;
				ENABLE_STRICT_OBJC_MSGSEND = YES;
				ENABLE_TESTABILITY = YES;
				GCC_C_LANGUAGE_STANDARD = gnu11;
				GCC_DYNAMIC_NO_PIC = NO;
				GCC_NO_COMMON_BLOCKS = YES;
				GCC_OPTIMIZATION_LEVEL = 0;
				GCC_PREPROCESSOR_DEFINITIONS = (
					"DEBUG=1",
					"$(inherited)",
				);
				GCC_WARN_64_TO_32_BIT_CONVERSION = YES;
				GCC_WARN_ABOUT_RETURN_TYPE = YES_ERROR;
				GCC_WARN_UNDECLARED_SELECTOR = YES;
				GCC_WARN_UNINITIALIZED_AUTOS = YES_AGGRESSIVE;
				GCC_WARN_UNUSED_FUNCTION = YES;
				GCC_WARN_UNUSED_VARIABLE = YES;
				IPHONEOS_DEPLOYMENT_TARGET = 14.1;
				MTL_ENABLE_DEBUG_INFO = INCLUDE_SOURCE;
				MTL_FAST_MATH = YES;
				ONLY_ACTIVE_ARCH = YES;
				SDKROOT = iphoneos;
				SWIFT_ACTIVE_COMPILATION_CONDITIONS = DEBUG;
				SWIFT_OPTIMIZATION_LEVEL = "-Onone";
			};
			name = Debug;
		};
		60783E14262EB01200204C88 /* Release */ = {
			isa = XCBuildConfiguration;
			buildSettings = {
				ALWAYS_SEARCH_USER_PATHS = NO;
				CLANG_ANALYZER_NONNULL = YES;
				CLANG_ANALYZER_NUMBER_OBJECT_CONVERSION = YES_AGGRESSIVE;
				CLANG_CXX_LANGUAGE_STANDARD = "gnu++14";
				CLANG_CXX_LIBRARY = "libc++";
				CLANG_ENABLE_MODULES = YES;
				CLANG_ENABLE_OBJC_ARC = YES;
				CLANG_ENABLE_OBJC_WEAK = YES;
				CLANG_WARN_BLOCK_CAPTURE_AUTORELEASING = YES;
				CLANG_WARN_BOOL_CONVERSION = YES;
				CLANG_WARN_COMMA = YES;
				CLANG_WARN_CONSTANT_CONVERSION = YES;
				CLANG_WARN_DEPRECATED_OBJC_IMPLEMENTATIONS = YES;
				CLANG_WARN_DIRECT_OBJC_ISA_USAGE = YES_ERROR;
				CLANG_WARN_DOCUMENTATION_COMMENTS = YES;
				CLANG_WARN_EMPTY_BODY = YES;
				CLANG_WARN_ENUM_CONVERSION = YES;
				CLANG_WARN_INFINITE_RECURSION = YES;
				CLANG_WARN_INT_CONVERSION = YES;
				CLANG_WARN_NON_LITERAL_NULL_CONVERSION = YES;
				CLANG_WARN_OBJC_IMPLICIT_RETAIN_SELF = YES;
				CLANG_WARN_OBJC_LITERAL_CONVERSION = YES;
				CLANG_WARN_OBJC_ROOT_CLASS = YES_ERROR;
				CLANG_WARN_QUOTED_INCLUDE_IN_FRAMEWORK_HEADER = YES;
				CLANG_WARN_RANGE_LOOP_ANALYSIS = YES;
				CLANG_WARN_STRICT_PROTOTYPES = YES;
				CLANG_WARN_SUSPICIOUS_MOVE = YES;
				CLANG_WARN_UNGUARDED_AVAILABILITY = YES_AGGRESSIVE;
				CLANG_WARN_UNREACHABLE_CODE = YES;
				CLANG_WARN__DUPLICATE_METHOD_MATCH = YES;
				COPY_PHASE_STRIP = NO;
				DEBUG_INFORMATION_FORMAT = "dwarf-with-dsym";
				ENABLE_NS_ASSERTIONS = NO;
				ENABLE_STRICT_OBJC_MSGSEND = YES;
				GCC_C_LANGUAGE_STANDARD = gnu11;
				GCC_NO_COMMON_BLOCKS = YES;
				GCC_WARN_64_TO_32_BIT_CONVERSION = YES;
				GCC_WARN_ABOUT_RETURN_TYPE = YES_ERROR;
				GCC_WARN_UNDECLARED_SELECTOR = YES;
				GCC_WARN_UNINITIALIZED_AUTOS = YES_AGGRESSIVE;
				GCC_WARN_UNUSED_FUNCTION = YES;
				GCC_WARN_UNUSED_VARIABLE = YES;
				IPHONEOS_DEPLOYMENT_TARGET = 14.1;
				MTL_ENABLE_DEBUG_INFO = NO;
				MTL_FAST_MATH = YES;
				SDKROOT = iphoneos;
				SWIFT_COMPILATION_MODE = wholemodule;
				SWIFT_OPTIMIZATION_LEVEL = "-O";
				VALIDATE_PRODUCT = YES;
			};
			name = Release;
		};
		60783E16262EB01200204C88 /* Debug */ = {
			isa = XCBuildConfiguration;
			baseConfigurationReference = 40D4C739D8DB227346077A8D /* Pods-RxswiftApiDemo.debug.xcconfig */;
			buildSettings = {
				ASSETCATALOG_COMPILER_APPICON_NAME = AppIcon;
				ASSETCATALOG_COMPILER_GLOBAL_ACCENT_COLOR_NAME = AccentColor;
				CODE_SIGN_STYLE = Automatic;
				DEVELOPMENT_ASSET_PATHS = "\"RxswiftApiDemo/Preview Content\"";
				DEVELOPMENT_TEAM = DD73F8592Z;
				ENABLE_PREVIEWS = YES;
				INFOPLIST_FILE = RxswiftApiDemo/Info.plist;
				LD_RUNPATH_SEARCH_PATHS = (
					"$(inherited)",
					"@executable_path/Frameworks",
				);
				PRODUCT_BUNDLE_IDENTIFIER = com.knoxpo.RegisterWithFirebase;
				PRODUCT_NAME = "$(TARGET_NAME)";
				SWIFT_VERSION = 5.0;
				TARGETED_DEVICE_FAMILY = "1,2";
			};
			name = Debug;
		};
		60783E17262EB01200204C88 /* Release */ = {
			isa = XCBuildConfiguration;
			baseConfigurationReference = 58C6F77F65FF60B040245346 /* Pods-RxswiftApiDemo.release.xcconfig */;
			buildSettings = {
				ASSETCATALOG_COMPILER_APPICON_NAME = AppIcon;
				ASSETCATALOG_COMPILER_GLOBAL_ACCENT_COLOR_NAME = AccentColor;
				CODE_SIGN_STYLE = Automatic;
				DEVELOPMENT_ASSET_PATHS = "\"RxswiftApiDemo/Preview Content\"";
				DEVELOPMENT_TEAM = DD73F8592Z;
				ENABLE_PREVIEWS = YES;
				INFOPLIST_FILE = RxswiftApiDemo/Info.plist;
				LD_RUNPATH_SEARCH_PATHS = (
					"$(inherited)",
					"@executable_path/Frameworks",
				);
				PRODUCT_BUNDLE_IDENTIFIER = com.knoxpo.RegisterWithFirebase;
				PRODUCT_NAME = "$(TARGET_NAME)";
				SWIFT_VERSION = 5.0;
				TARGETED_DEVICE_FAMILY = "1,2";
			};
			name = Release;
		};
/* End XCBuildConfiguration section */

/* Begin XCConfigurationList section */
		6050EEB42630402F0003FE27 /* Build configuration list for PBXNativeTarget "RxswiftApiDemoTests" */ = {
			isa = XCConfigurationList;
			buildConfigurations = (
				6050EEB52630402F0003FE27 /* Debug */,
				6050EEB62630402F0003FE27 /* Release */,
			);
			defaultConfigurationIsVisible = 0;
			defaultConfigurationName = Release;
		};
		60783DFC262EB01100204C88 /* Build configuration list for PBXProject "RxswiftApiDemo" */ = {
			isa = XCConfigurationList;
			buildConfigurations = (
				60783E13262EB01200204C88 /* Debug */,
				60783E14262EB01200204C88 /* Release */,
			);
			defaultConfigurationIsVisible = 0;
			defaultConfigurationName = Release;
		};
		60783E15262EB01200204C88 /* Build configuration list for PBXNativeTarget "RxswiftApiDemo" */ = {
			isa = XCConfigurationList;
			buildConfigurations = (
				60783E16262EB01200204C88 /* Debug */,
				60783E17262EB01200204C88 /* Release */,
			);
			defaultConfigurationIsVisible = 0;
			defaultConfigurationName = Release;
		};
/* End XCConfigurationList section */

/* Begin XCRemoteSwiftPackageReference section */
		6050ED52262FF6D30003FE27 /* XCRemoteSwiftPackageReference "SwiftyJSON" */ = {
			isa = XCRemoteSwiftPackageReference;
			repositoryURL = "https://github.com/SwiftyJSON/SwiftyJSON.git";
			requirement = {
				kind = upToNextMajorVersion;
				minimumVersion = 5.0.1;
			};
		};
		6050ED56262FF6F90003FE27 /* XCRemoteSwiftPackageReference "SDWebImageSwiftUI" */ = {
			isa = XCRemoteSwiftPackageReference;
			repositoryURL = "https://github.com/SDWebImage/SDWebImageSwiftUI.git";
			requirement = {
				kind = upToNextMajorVersion;
				minimumVersion = 2.0.2;
			};
		};
		6050EE4A263021B70003FE27 /* XCRemoteSwiftPackageReference "ObjectMapper" */ = {
			isa = XCRemoteSwiftPackageReference;
			repositoryURL = "https://github.com/tristanhimmelman/ObjectMapper.git";
			requirement = {
				kind = upToNextMajorVersion;
				minimumVersion = 4.2.0;
			};
		};
		60D749D8264511380092BA01 /* XCRemoteSwiftPackageReference "CodeScanner" */ = {
			isa = XCRemoteSwiftPackageReference;
			repositoryURL = "https://github.com/twostraws/CodeScanner";
			requirement = {
				kind = upToNextMajorVersion;
				minimumVersion = 1.0.7;
			};
		};
/* End XCRemoteSwiftPackageReference section */

/* Begin XCSwiftPackageProductDependency section */
		6050ED53262FF6D30003FE27 /* SwiftyJSON */ = {
			isa = XCSwiftPackageProductDependency;
			package = 6050ED52262FF6D30003FE27 /* XCRemoteSwiftPackageReference "SwiftyJSON" */;
			productName = SwiftyJSON;
		};
		6050ED57262FF6F90003FE27 /* SDWebImageSwiftUI */ = {
			isa = XCSwiftPackageProductDependency;
			package = 6050ED56262FF6F90003FE27 /* XCRemoteSwiftPackageReference "SDWebImageSwiftUI" */;
			productName = SDWebImageSwiftUI;
		};
		6050EE4B263021B70003FE27 /* ObjectMapper */ = {
			isa = XCSwiftPackageProductDependency;
			package = 6050EE4A263021B70003FE27 /* XCRemoteSwiftPackageReference "ObjectMapper" */;
			productName = ObjectMapper;
		};
		60D749D9264511380092BA01 /* CodeScanner */ = {
			isa = XCSwiftPackageProductDependency;
			package = 60D749D8264511380092BA01 /* XCRemoteSwiftPackageReference "CodeScanner" */;
			productName = CodeScanner;
		};
/* End XCSwiftPackageProductDependency section */

/* Begin XCVersionGroup section */
		6050EE4526300DCD0003FE27 /* RxswiftApiDemoModel.xcdatamodeld */ = {
			isa = XCVersionGroup;
			children = (
				6050EE4626300DCD0003FE27 /* RxswiftApiDemoModel.xcdatamodel */,
			);
			currentVersion = 6050EE4626300DCD0003FE27 /* RxswiftApiDemoModel.xcdatamodel */;
			path = RxswiftApiDemoModel.xcdatamodeld;
			sourceTree = "<group>";
			versionGroupType = wrapper.xcdatamodel;
		};
/* End XCVersionGroup section */
	};
	rootObject = 60783DF9262EB01100204C88 /* Project object */;
}
